// !$*UTF8*$!
{
	archiveVersion = 1;
	classes = {
	};
	objectVersion = 46;
	objects = {

/* Begin PBXBuildFile section */
		3B337B6F61591F7124D472B1 /* Pods_Sieum.framework in Frameworks */ = {isa = PBXBuildFile; fileRef = 27C513A77FC8ED0A989ACE48 /* Pods_Sieum.framework */; };
		C10A4A55212AE4C4005B65B4 /* MenuHeaderView.swift in Sources */ = {isa = PBXBuildFile; fileRef = C10A4A54212AE4C4005B65B4 /* MenuHeaderView.swift */; };
		C10A4A57212AE5BA005B65B4 /* MenuHeaderViewModel.swift in Sources */ = {isa = PBXBuildFile; fileRef = C10A4A56212AE5BA005B65B4 /* MenuHeaderViewModel.swift */; };
		C124694A2118B5BF0066F554 /* MenuViewController.swift in Sources */ = {isa = PBXBuildFile; fileRef = C12469492118B5BF0066F554 /* MenuViewController.swift */; };
		C127B5D01E67019000275D21 /* LaunchScreen.storyboard in Resources */ = {isa = PBXBuildFile; fileRef = C127B5CE1E67019000275D21 /* LaunchScreen.storyboard */; };
		C12D6F7C21230B63006DA57D /* BookmarkViewController.swift in Sources */ = {isa = PBXBuildFile; fileRef = C12D6F7B21230B63006DA57D /* BookmarkViewController.swift */; };
		C12D6F842123A0BB006DA57D /* UIButton+Extension.swift in Sources */ = {isa = PBXBuildFile; fileRef = C12D6F832123A0BB006DA57D /* UIButton+Extension.swift */; };
		C12D6F862123A299006DA57D /* UIControl+Extension.swift in Sources */ = {isa = PBXBuildFile; fileRef = C12D6F852123A299006DA57D /* UIControl+Extension.swift */; };
		C12D6F882125D81C006DA57D /* VisualActivityViewController.swift in Sources */ = {isa = PBXBuildFile; fileRef = C12D6F872125D81C006DA57D /* VisualActivityViewController.swift */; };
		C12D6F8C2125DF6F006DA57D /* UITableView+Extension.swift in Sources */ = {isa = PBXBuildFile; fileRef = C12D6F8B2125DF6F006DA57D /* UITableView+Extension.swift */; };
		C12D6F8E2125E5CB006DA57D /* PoetsThumbnailContainerCell.swift in Sources */ = {isa = PBXBuildFile; fileRef = C12D6F8D2125E5CB006DA57D /* PoetsThumbnailContainerCell.swift */; };
		C12D6F9221265212006DA57D /* PoetProfileCell.swift in Sources */ = {isa = PBXBuildFile; fileRef = C12D6F9121265212006DA57D /* PoetProfileCell.swift */; };
		C12D6F9421271891006DA57D /* PoemsOfPoetContainerCell.swift in Sources */ = {isa = PBXBuildFile; fileRef = C12D6F9321271891006DA57D /* PoemsOfPoetContainerCell.swift */; };
		C134D6FA225A46C800F6F26B /* SettingViewController.swift in Sources */ = {isa = PBXBuildFile; fileRef = C134D6F7225A46C700F6F26B /* SettingViewController.swift */; };
		C134D6FB225A46C800F6F26B /* HelloViewController.swift in Sources */ = {isa = PBXBuildFile; fileRef = C134D6F8225A46C700F6F26B /* HelloViewController.swift */; };
		C134D6FC225A46C800F6F26B /* SettingTableViewCell.swift in Sources */ = {isa = PBXBuildFile; fileRef = C134D6F9225A46C700F6F26B /* SettingTableViewCell.swift */; };
		C134D6FE225A46D900F6F26B /* WebViewController.swift in Sources */ = {isa = PBXBuildFile; fileRef = C134D6FD225A46D900F6F26B /* WebViewController.swift */; };
		C134D7072265FBD900F6F26B /* MyPagePoemTableViewCell.swift in Sources */ = {isa = PBXBuildFile; fileRef = C134D7022265FBD900F6F26B /* MyPagePoemTableViewCell.swift */; };
		C134D7082265FBD900F6F26B /* WriteViewController.swift in Sources */ = {isa = PBXBuildFile; fileRef = C134D7032265FBD900F6F26B /* WriteViewController.swift */; };
		C134D7092265FBD900F6F26B /* PageCursor.swift in Sources */ = {isa = PBXBuildFile; fileRef = C134D7042265FBD900F6F26B /* PageCursor.swift */; };
		C134D70A2265FBD900F6F26B /* MyPageEmptyView.swift in Sources */ = {isa = PBXBuildFile; fileRef = C134D7052265FBD900F6F26B /* MyPageEmptyView.swift */; };
		C134D70B2265FBD900F6F26B /* MyPageViewController.swift in Sources */ = {isa = PBXBuildFile; fileRef = C134D7062265FBD900F6F26B /* MyPageViewController.swift */; };
		C1377E1720234CCA008FB68D /* UIImageViewUtil.swift in Sources */ = {isa = PBXBuildFile; fileRef = C1377E1620234CCA008FB68D /* UIImageViewUtil.swift */; };
		C14A0430212AF07900292D42 /* Bundle+Extension.swift in Sources */ = {isa = PBXBuildFile; fileRef = C14A042F212AF07900292D42 /* Bundle+Extension.swift */; };
		C14A0438212C3D3600292D42 /* Request.swift in Sources */ = {isa = PBXBuildFile; fileRef = C14A0437212C3D3600292D42 /* Request.swift */; };
		C14A043A212C578600292D42 /* UserModel.swift in Sources */ = {isa = PBXBuildFile; fileRef = C14A0439212C578600292D42 /* UserModel.swift */; };
		C14A043C212C67DF00292D42 /* Mapper+Extension.swift in Sources */ = {isa = PBXBuildFile; fileRef = C14A043B212C67DF00292D42 /* Mapper+Extension.swift */; };
		C14A043E212C6B8800292D42 /* DatabaseReference+Rx.swift in Sources */ = {isa = PBXBuildFile; fileRef = C14A043D212C6B8800292D42 /* DatabaseReference+Rx.swift */; };
		C14A0440212C6F1000292D42 /* DatabaseReference+Extension.swift in Sources */ = {isa = PBXBuildFile; fileRef = C14A043F212C6F1000292D42 /* DatabaseReference+Extension.swift */; };
		C14A0444212EB34600292D42 /* Poem.swift in Sources */ = {isa = PBXBuildFile; fileRef = C14A0443212EB34600292D42 /* Poem.swift */; };
		C14A0446212EBE5600292D42 /* Optional+Rx.swift in Sources */ = {isa = PBXBuildFile; fileRef = C14A0445212EBE5600292D42 /* Optional+Rx.swift */; };
		C14F81F41ECC983C0070F833 /* PoemModel.swift in Sources */ = {isa = PBXBuildFile; fileRef = C14F81F31ECC983C0070F833 /* PoemModel.swift */; };
		C14F9687214BF41B00744F24 /* FormatTransform.swift in Sources */ = {isa = PBXBuildFile; fileRef = C14F9686214BF41B00744F24 /* FormatTransform.swift */; };
		C151C6D821B16191001A2808 /* Result.swift in Sources */ = {isa = PBXBuildFile; fileRef = C151C6D721B16191001A2808 /* Result.swift */; };
		C152D82E1E50976800719583 /* ColorUtil.swift in Sources */ = {isa = PBXBuildFile; fileRef = C152D82D1E50976800719583 /* ColorUtil.swift */; };
		C173D7E022A1A4390027B34F /* Assets.xcassets in Resources */ = {isa = PBXBuildFile; fileRef = C173D7D622A1A4390027B34F /* Assets.xcassets */; };
		C173D7E122A1A4390027B34F /* GoogleService-Info.plist in Resources */ = {isa = PBXBuildFile; fileRef = C173D7D822A1A4390027B34F /* GoogleService-Info.plist */; };
		C173D7E222A1A4390027B34F /* IropkeBatangM.otf in Resources */ = {isa = PBXBuildFile; fileRef = C173D7DA22A1A4390027B34F /* IropkeBatangM.otf */; };
		C173D7E322A1A4390027B34F /* KakaoS2.framework in Frameworks */ = {isa = PBXBuildFile; fileRef = C173D7DC22A1A4390027B34F /* KakaoS2.framework */; };
		C173D7E422A1A4390027B34F /* KakaoLink.framework in Frameworks */ = {isa = PBXBuildFile; fileRef = C173D7DD22A1A4390027B34F /* KakaoLink.framework */; };
		C173D7E522A1A4390027B34F /* KakaoOpenSDK.framework in Frameworks */ = {isa = PBXBuildFile; fileRef = C173D7DE22A1A4390027B34F /* KakaoOpenSDK.framework */; };
		C1752EBE1EC034200042C24E /* UYLNotificationDelegate.swift in Sources */ = {isa = PBXBuildFile; fileRef = C1752EBD1EC034200042C24E /* UYLNotificationDelegate.swift */; };
		C17F52291E5DA79E006AD57A /* PoetViewController.swift in Sources */ = {isa = PBXBuildFile; fileRef = C17F52281E5DA79E006AD57A /* PoetViewController.swift */; };
		C17F522C1E5DA80D006AD57A /* PageViewController.swift in Sources */ = {isa = PBXBuildFile; fileRef = C17F522B1E5DA80D006AD57A /* PageViewController.swift */; };
		C17F52381E5DBED4006AD57A /* FloatingMenuViewController.swift in Sources */ = {isa = PBXBuildFile; fileRef = C17F52371E5DBED4006AD57A /* FloatingMenuViewController.swift */; };
		C17F523A1E5DC2EB006AD57A /* PoemCoverViewController.swift in Sources */ = {isa = PBXBuildFile; fileRef = C17F52391E5DC2EB006AD57A /* PoemCoverViewController.swift */; };
		C17F523E1E5DE4EF006AD57A /* Main.storyboard in Resources */ = {isa = PBXBuildFile; fileRef = C17F523D1E5DE4EF006AD57A /* Main.storyboard */; };
		C195482F220C635400905200 /* UIResponder+Extension.swift in Sources */ = {isa = PBXBuildFile; fileRef = C195482E220C635400905200 /* UIResponder+Extension.swift */; };
		C19AC43A1EC5DAA700068A21 /* DateUtil.swift in Sources */ = {isa = PBXBuildFile; fileRef = C19AC4391EC5DAA700068A21 /* DateUtil.swift */; };
		C1A769761E48998100B5E216 /* AppDelegate.swift in Sources */ = {isa = PBXBuildFile; fileRef = C1A769751E48998100B5E216 /* AppDelegate.swift */; };
		C1A769781E48998100B5E216 /* PoemViewController.swift in Sources */ = {isa = PBXBuildFile; fileRef = C1A769771E48998100B5E216 /* PoemViewController.swift */; };
		C1BCA6BB21B3D3BF001B6B9F /* BaseViewController.swift in Sources */ = {isa = PBXBuildFile; fileRef = C1BCA6BA21B3D3BF001B6B9F /* BaseViewController.swift */; };
		C1BCA6BD21B3F2EC001B6B9F /* Date+Extension.swift in Sources */ = {isa = PBXBuildFile; fileRef = C1BCA6BC21B3F2EC001B6B9F /* Date+Extension.swift */; };
		C1C209231E606A0B000C76B7 /* ImageUtil.swift in Sources */ = {isa = PBXBuildFile; fileRef = C1C209221E606A0B000C76B7 /* ImageUtil.swift */; };
		C1C209251E607234000C76B7 /* GlobalConstants.swift in Sources */ = {isa = PBXBuildFile; fileRef = C1C209241E607234000C76B7 /* GlobalConstants.swift */; };
		C1CDBF201ECB4AB600C25A0C /* QuestionViewController.swift in Sources */ = {isa = PBXBuildFile; fileRef = C1CDBF1F1ECB4AB600C25A0C /* QuestionViewController.swift */; };
		C1D5EFC32136E2BF00B2DDA2 /* LoginService.swift in Sources */ = {isa = PBXBuildFile; fileRef = C1D5EFC22136E2BF00B2DDA2 /* LoginService.swift */; };
		C1D5EFC52136E78E00B2DDA2 /* MenuHeaderPopup.swift in Sources */ = {isa = PBXBuildFile; fileRef = C1D5EFC42136E78E00B2DDA2 /* MenuHeaderPopup.swift */; };
		C1E03C7921106A61002741A0 /* UINavigationController+Extension.swift in Sources */ = {isa = PBXBuildFile; fileRef = C1E03C7821106A61002741A0 /* UINavigationController+Extension.swift */; };
		C1FA0FF3211B2E7A0066A22C /* Emptiable+Extension.swift in Sources */ = {isa = PBXBuildFile; fileRef = C1FA0FF2211B2E7A0066A22C /* Emptiable+Extension.swift */; };
		C1FA0FF7211B3ACD0066A22C /* MenuViewModel.swift in Sources */ = {isa = PBXBuildFile; fileRef = C1FA0FF6211B3ACD0066A22C /* MenuViewModel.swift */; };
		C1FA0FFB211B46030066A22C /* MenuTableViewCell.swift in Sources */ = {isa = PBXBuildFile; fileRef = C1FA0FFA211B46030066A22C /* MenuTableViewCell.swift */; };
		C1FA0FFF2121C6580066A22C /* Theme.swift in Sources */ = {isa = PBXBuildFile; fileRef = C1FA0FFE2121C6580066A22C /* Theme.swift */; };
		C1FA10012121C9090066A22C /* UIFont+Extension.swift in Sources */ = {isa = PBXBuildFile; fileRef = C1FA10002121C9090066A22C /* UIFont+Extension.swift */; };
		C1FA10032121DBB90066A22C /* PageViewModel.swift in Sources */ = {isa = PBXBuildFile; fileRef = C1FA10022121DBB90066A22C /* PageViewModel.swift */; };
		C1FA10052122660A0066A22C /* PageViewModelUsable.swift in Sources */ = {isa = PBXBuildFile; fileRef = C1FA10042122660A0066A22C /* PageViewModelUsable.swift */; };
		C1FA1008212308D00066A22C /* PoetsViewController.swift in Sources */ = {isa = PBXBuildFile; fileRef = C1FA1007212308D00066A22C /* PoetsViewController.swift */; };
/* End PBXBuildFile section */

/* Begin PBXCopyFilesBuildPhase section */
		C105D4741EA1187300631D41 /* Embed App Extensions */ = {
			isa = PBXCopyFilesBuildPhase;
			buildActionMask = 2147483647;
			dstPath = "";
			dstSubfolderSpec = 13;
			files = (
			);
			name = "Embed App Extensions";
			runOnlyForDeploymentPostprocessing = 0;
		};
/* End PBXCopyFilesBuildPhase section */

/* Begin PBXFileReference section */
		27C513A77FC8ED0A989ACE48 /* Pods_Sieum.framework */ = {isa = PBXFileReference; explicitFileType = wrapper.framework; includeInIndex = 0; path = Pods_Sieum.framework; sourceTree = BUILT_PRODUCTS_DIR; };
		2DBF29C359EF8352A4BA945E /* Pods-Sieum.debug.xcconfig */ = {isa = PBXFileReference; includeInIndex = 1; lastKnownFileType = text.xcconfig; name = "Pods-Sieum.debug.xcconfig"; path = "Target Support Files/Pods-Sieum/Pods-Sieum.debug.xcconfig"; sourceTree = "<group>"; };
		B1EFC0303B5226ED68233E78 /* Pods-Sieum.release.xcconfig */ = {isa = PBXFileReference; includeInIndex = 1; lastKnownFileType = text.xcconfig; name = "Pods-Sieum.release.xcconfig"; path = "Target Support Files/Pods-Sieum/Pods-Sieum.release.xcconfig"; sourceTree = "<group>"; };
		C105D4651EA1187300631D41 /* NotificationCenter.framework */ = {isa = PBXFileReference; lastKnownFileType = wrapper.framework; name = NotificationCenter.framework; path = System/Library/Frameworks/NotificationCenter.framework; sourceTree = SDKROOT; };
		C10A4A54212AE4C4005B65B4 /* MenuHeaderView.swift */ = {isa = PBXFileReference; lastKnownFileType = sourcecode.swift; path = MenuHeaderView.swift; sourceTree = "<group>"; };
		C10A4A56212AE5BA005B65B4 /* MenuHeaderViewModel.swift */ = {isa = PBXFileReference; lastKnownFileType = sourcecode.swift; path = MenuHeaderViewModel.swift; sourceTree = "<group>"; };
		C12469492118B5BF0066F554 /* MenuViewController.swift */ = {isa = PBXFileReference; lastKnownFileType = sourcecode.swift; path = MenuViewController.swift; sourceTree = "<group>"; };
		C127B5CF1E67019000275D21 /* Base */ = {isa = PBXFileReference; lastKnownFileType = file.storyboard; name = Base; path = Base.lproj/LaunchScreen.storyboard; sourceTree = "<group>"; };
		C12D6F7B21230B63006DA57D /* BookmarkViewController.swift */ = {isa = PBXFileReference; lastKnownFileType = sourcecode.swift; path = BookmarkViewController.swift; sourceTree = "<group>"; };
		C12D6F832123A0BB006DA57D /* UIButton+Extension.swift */ = {isa = PBXFileReference; lastKnownFileType = sourcecode.swift; path = "UIButton+Extension.swift"; sourceTree = "<group>"; };
		C12D6F852123A299006DA57D /* UIControl+Extension.swift */ = {isa = PBXFileReference; lastKnownFileType = sourcecode.swift; path = "UIControl+Extension.swift"; sourceTree = "<group>"; };
		C12D6F872125D81C006DA57D /* VisualActivityViewController.swift */ = {isa = PBXFileReference; lastKnownFileType = sourcecode.swift; path = VisualActivityViewController.swift; sourceTree = "<group>"; };
		C12D6F8B2125DF6F006DA57D /* UITableView+Extension.swift */ = {isa = PBXFileReference; lastKnownFileType = sourcecode.swift; path = "UITableView+Extension.swift"; sourceTree = "<group>"; };
		C12D6F8D2125E5CB006DA57D /* PoetsThumbnailContainerCell.swift */ = {isa = PBXFileReference; lastKnownFileType = sourcecode.swift; path = PoetsThumbnailContainerCell.swift; sourceTree = "<group>"; };
		C12D6F9121265212006DA57D /* PoetProfileCell.swift */ = {isa = PBXFileReference; lastKnownFileType = sourcecode.swift; path = PoetProfileCell.swift; sourceTree = "<group>"; };
		C12D6F9321271891006DA57D /* PoemsOfPoetContainerCell.swift */ = {isa = PBXFileReference; lastKnownFileType = sourcecode.swift; path = PoemsOfPoetContainerCell.swift; sourceTree = "<group>"; };
		C134D6F7225A46C700F6F26B /* SettingViewController.swift */ = {isa = PBXFileReference; fileEncoding = 4; lastKnownFileType = sourcecode.swift; path = SettingViewController.swift; sourceTree = "<group>"; };
		C134D6F8225A46C700F6F26B /* HelloViewController.swift */ = {isa = PBXFileReference; fileEncoding = 4; lastKnownFileType = sourcecode.swift; path = HelloViewController.swift; sourceTree = "<group>"; };
		C134D6F9225A46C700F6F26B /* SettingTableViewCell.swift */ = {isa = PBXFileReference; fileEncoding = 4; lastKnownFileType = sourcecode.swift; path = SettingTableViewCell.swift; sourceTree = "<group>"; };
		C134D6FD225A46D900F6F26B /* WebViewController.swift */ = {isa = PBXFileReference; lastKnownFileType = sourcecode.swift; path = WebViewController.swift; sourceTree = "<group>"; };
		C134D7022265FBD900F6F26B /* MyPagePoemTableViewCell.swift */ = {isa = PBXFileReference; fileEncoding = 4; lastKnownFileType = sourcecode.swift; path = MyPagePoemTableViewCell.swift; sourceTree = "<group>"; };
		C134D7032265FBD900F6F26B /* WriteViewController.swift */ = {isa = PBXFileReference; fileEncoding = 4; lastKnownFileType = sourcecode.swift; path = WriteViewController.swift; sourceTree = "<group>"; };
		C134D7042265FBD900F6F26B /* PageCursor.swift */ = {isa = PBXFileReference; fileEncoding = 4; lastKnownFileType = sourcecode.swift; path = PageCursor.swift; sourceTree = "<group>"; };
		C134D7052265FBD900F6F26B /* MyPageEmptyView.swift */ = {isa = PBXFileReference; fileEncoding = 4; lastKnownFileType = sourcecode.swift; path = MyPageEmptyView.swift; sourceTree = "<group>"; };
		C134D7062265FBD900F6F26B /* MyPageViewController.swift */ = {isa = PBXFileReference; fileEncoding = 4; lastKnownFileType = sourcecode.swift; path = MyPageViewController.swift; sourceTree = "<group>"; };
		C1377E1620234CCA008FB68D /* UIImageViewUtil.swift */ = {isa = PBXFileReference; lastKnownFileType = sourcecode.swift; path = UIImageViewUtil.swift; sourceTree = "<group>"; };
		C14A042F212AF07900292D42 /* Bundle+Extension.swift */ = {isa = PBXFileReference; lastKnownFileType = sourcecode.swift; path = "Bundle+Extension.swift"; sourceTree = "<group>"; };
		C14A0437212C3D3600292D42 /* Request.swift */ = {isa = PBXFileReference; lastKnownFileType = sourcecode.swift; path = Request.swift; sourceTree = "<group>"; };
		C14A0439212C578600292D42 /* UserModel.swift */ = {isa = PBXFileReference; lastKnownFileType = sourcecode.swift; path = UserModel.swift; sourceTree = "<group>"; };
		C14A043B212C67DF00292D42 /* Mapper+Extension.swift */ = {isa = PBXFileReference; lastKnownFileType = sourcecode.swift; path = "Mapper+Extension.swift"; sourceTree = "<group>"; };
		C14A043D212C6B8800292D42 /* DatabaseReference+Rx.swift */ = {isa = PBXFileReference; lastKnownFileType = sourcecode.swift; path = "DatabaseReference+Rx.swift"; sourceTree = "<group>"; };
		C14A043F212C6F1000292D42 /* DatabaseReference+Extension.swift */ = {isa = PBXFileReference; lastKnownFileType = sourcecode.swift; path = "DatabaseReference+Extension.swift"; sourceTree = "<group>"; };
		C14A0443212EB34600292D42 /* Poem.swift */ = {isa = PBXFileReference; lastKnownFileType = sourcecode.swift; path = Poem.swift; sourceTree = "<group>"; };
		C14A0445212EBE5600292D42 /* Optional+Rx.swift */ = {isa = PBXFileReference; lastKnownFileType = sourcecode.swift; path = "Optional+Rx.swift"; sourceTree = "<group>"; };
		C14F81F31ECC983C0070F833 /* PoemModel.swift */ = {isa = PBXFileReference; fileEncoding = 4; lastKnownFileType = sourcecode.swift; path = PoemModel.swift; sourceTree = "<group>"; };
		C14F9686214BF41B00744F24 /* FormatTransform.swift */ = {isa = PBXFileReference; lastKnownFileType = sourcecode.swift; path = FormatTransform.swift; sourceTree = "<group>"; };
		C151C6D721B16191001A2808 /* Result.swift */ = {isa = PBXFileReference; lastKnownFileType = sourcecode.swift; path = Result.swift; sourceTree = "<group>"; };
		C152D82D1E50976800719583 /* ColorUtil.swift */ = {isa = PBXFileReference; fileEncoding = 4; lastKnownFileType = sourcecode.swift; path = ColorUtil.swift; sourceTree = "<group>"; };
		C154E1E322A19883002D1949 /* ko */ = {isa = PBXFileReference; lastKnownFileType = text.plist.strings; name = ko; path = ko.lproj/LaunchScreen.strings; sourceTree = "<group>"; };
		C173D7D622A1A4390027B34F /* Assets.xcassets */ = {isa = PBXFileReference; lastKnownFileType = folder.assetcatalog; name = Assets.xcassets; path = "/Users/seongho/Documents/dev/si-eum-iOS/Supporting Files/Assets.xcassets"; sourceTree = "<absolute>"; };
		C173D7D722A1A4390027B34F /* sieum.entitlements */ = {isa = PBXFileReference; fileEncoding = 4; lastKnownFileType = text.plist.entitlements; path = sieum.entitlements; sourceTree = "<group>"; };
		C173D7D822A1A4390027B34F /* GoogleService-Info.plist */ = {isa = PBXFileReference; fileEncoding = 4; lastKnownFileType = text.plist.xml; path = "GoogleService-Info.plist"; sourceTree = "<group>"; };
		C173D7DA22A1A4390027B34F /* IropkeBatangM.otf */ = {isa = PBXFileReference; lastKnownFileType = file; path = IropkeBatangM.otf; sourceTree = "<group>"; };
		C173D7DC22A1A4390027B34F /* KakaoS2.framework */ = {isa = PBXFileReference; lastKnownFileType = wrapper.framework; path = KakaoS2.framework; sourceTree = "<group>"; };
		C173D7DD22A1A4390027B34F /* KakaoLink.framework */ = {isa = PBXFileReference; lastKnownFileType = wrapper.framework; path = KakaoLink.framework; sourceTree = "<group>"; };
		C173D7DE22A1A4390027B34F /* KakaoOpenSDK.framework */ = {isa = PBXFileReference; lastKnownFileType = wrapper.framework; path = KakaoOpenSDK.framework; sourceTree = "<group>"; };
		C173D7DF22A1A4390027B34F /* Info.plist */ = {isa = PBXFileReference; fileEncoding = 4; lastKnownFileType = text.plist.xml; name = Info.plist; path = "/Users/seongho/Documents/dev/si-eum-iOS/Supporting Files/Info.plist"; sourceTree = "<absolute>"; };
		C1752EBD1EC034200042C24E /* UYLNotificationDelegate.swift */ = {isa = PBXFileReference; fileEncoding = 4; lastKnownFileType = sourcecode.swift; path = UYLNotificationDelegate.swift; sourceTree = "<group>"; };
		C17F52281E5DA79E006AD57A /* PoetViewController.swift */ = {isa = PBXFileReference; fileEncoding = 4; lastKnownFileType = sourcecode.swift; path = PoetViewController.swift; sourceTree = "<group>"; };
		C17F522B1E5DA80D006AD57A /* PageViewController.swift */ = {isa = PBXFileReference; fileEncoding = 4; lastKnownFileType = sourcecode.swift; path = PageViewController.swift; sourceTree = "<group>"; };
		C17F522F1E5DAD2B006AD57A /* Sieum-Bridging-Header.h */ = {isa = PBXFileReference; lastKnownFileType = sourcecode.c.h; path = "Sieum-Bridging-Header.h"; sourceTree = "<group>"; };
		C17F52371E5DBED4006AD57A /* FloatingMenuViewController.swift */ = {isa = PBXFileReference; fileEncoding = 4; lastKnownFileType = sourcecode.swift; path = FloatingMenuViewController.swift; sourceTree = "<group>"; };
		C17F52391E5DC2EB006AD57A /* PoemCoverViewController.swift */ = {isa = PBXFileReference; fileEncoding = 4; lastKnownFileType = sourcecode.swift; path = PoemCoverViewController.swift; sourceTree = "<group>"; };
		C17F523D1E5DE4EF006AD57A /* Main.storyboard */ = {isa = PBXFileReference; fileEncoding = 4; lastKnownFileType = file.storyboard; path = Main.storyboard; sourceTree = "<group>"; };
		C195482E220C635400905200 /* UIResponder+Extension.swift */ = {isa = PBXFileReference; lastKnownFileType = sourcecode.swift; path = "UIResponder+Extension.swift"; sourceTree = "<group>"; };
		C19AC4391EC5DAA700068A21 /* DateUtil.swift */ = {isa = PBXFileReference; fileEncoding = 4; lastKnownFileType = sourcecode.swift; path = DateUtil.swift; sourceTree = "<group>"; };
		C1A769721E48998100B5E216 /* Sieum.app */ = {isa = PBXFileReference; explicitFileType = wrapper.application; includeInIndex = 0; path = Sieum.app; sourceTree = BUILT_PRODUCTS_DIR; };
		C1A769751E48998100B5E216 /* AppDelegate.swift */ = {isa = PBXFileReference; lastKnownFileType = sourcecode.swift; path = AppDelegate.swift; sourceTree = "<group>"; };
		C1A769771E48998100B5E216 /* PoemViewController.swift */ = {isa = PBXFileReference; lastKnownFileType = sourcecode.swift; path = PoemViewController.swift; sourceTree = "<group>"; };
		C1BCA6BA21B3D3BF001B6B9F /* BaseViewController.swift */ = {isa = PBXFileReference; lastKnownFileType = sourcecode.swift; path = BaseViewController.swift; sourceTree = "<group>"; };
		C1BCA6BC21B3F2EC001B6B9F /* Date+Extension.swift */ = {isa = PBXFileReference; lastKnownFileType = sourcecode.swift; path = "Date+Extension.swift"; sourceTree = "<group>"; };
		C1C209221E606A0B000C76B7 /* ImageUtil.swift */ = {isa = PBXFileReference; fileEncoding = 4; lastKnownFileType = sourcecode.swift; path = ImageUtil.swift; sourceTree = "<group>"; };
		C1C209241E607234000C76B7 /* GlobalConstants.swift */ = {isa = PBXFileReference; fileEncoding = 4; lastKnownFileType = sourcecode.swift; path = GlobalConstants.swift; sourceTree = "<group>"; };
		C1CDBF1F1ECB4AB600C25A0C /* QuestionViewController.swift */ = {isa = PBXFileReference; fileEncoding = 4; lastKnownFileType = sourcecode.swift; path = QuestionViewController.swift; sourceTree = "<group>"; };
		C1D5EFC22136E2BF00B2DDA2 /* LoginService.swift */ = {isa = PBXFileReference; lastKnownFileType = sourcecode.swift; path = LoginService.swift; sourceTree = "<group>"; };
		C1D5EFC42136E78E00B2DDA2 /* MenuHeaderPopup.swift */ = {isa = PBXFileReference; lastKnownFileType = sourcecode.swift; path = MenuHeaderPopup.swift; sourceTree = "<group>"; };
		C1E03C7821106A61002741A0 /* UINavigationController+Extension.swift */ = {isa = PBXFileReference; lastKnownFileType = sourcecode.swift; path = "UINavigationController+Extension.swift"; sourceTree = "<group>"; };
		C1FA0FF2211B2E7A0066A22C /* Emptiable+Extension.swift */ = {isa = PBXFileReference; lastKnownFileType = sourcecode.swift; path = "Emptiable+Extension.swift"; sourceTree = "<group>"; };
		C1FA0FF6211B3ACD0066A22C /* MenuViewModel.swift */ = {isa = PBXFileReference; lastKnownFileType = sourcecode.swift; path = MenuViewModel.swift; sourceTree = "<group>"; };
		C1FA0FFA211B46030066A22C /* MenuTableViewCell.swift */ = {isa = PBXFileReference; lastKnownFileType = sourcecode.swift; path = MenuTableViewCell.swift; sourceTree = "<group>"; };
		C1FA0FFE2121C6580066A22C /* Theme.swift */ = {isa = PBXFileReference; lastKnownFileType = sourcecode.swift; path = Theme.swift; sourceTree = "<group>"; };
		C1FA10002121C9090066A22C /* UIFont+Extension.swift */ = {isa = PBXFileReference; lastKnownFileType = sourcecode.swift; path = "UIFont+Extension.swift"; sourceTree = "<group>"; };
		C1FA10022121DBB90066A22C /* PageViewModel.swift */ = {isa = PBXFileReference; lastKnownFileType = sourcecode.swift; path = PageViewModel.swift; sourceTree = "<group>"; };
		C1FA10042122660A0066A22C /* PageViewModelUsable.swift */ = {isa = PBXFileReference; lastKnownFileType = sourcecode.swift; path = PageViewModelUsable.swift; sourceTree = "<group>"; };
		C1FA1007212308D00066A22C /* PoetsViewController.swift */ = {isa = PBXFileReference; lastKnownFileType = sourcecode.swift; path = PoetsViewController.swift; sourceTree = "<group>"; };
/* End PBXFileReference section */

/* Begin PBXFrameworksBuildPhase section */
		C1A7696F1E48998100B5E216 /* Frameworks */ = {
			isa = PBXFrameworksBuildPhase;
			buildActionMask = 2147483647;
			files = (
				C173D7E522A1A4390027B34F /* KakaoOpenSDK.framework in Frameworks */,
				C173D7E322A1A4390027B34F /* KakaoS2.framework in Frameworks */,
				C173D7E422A1A4390027B34F /* KakaoLink.framework in Frameworks */,
				3B337B6F61591F7124D472B1 /* Pods_Sieum.framework in Frameworks */,
			);
			runOnlyForDeploymentPostprocessing = 0;
		};
/* End PBXFrameworksBuildPhase section */

/* Begin PBXGroup section */
		350A93B0A3438D81862E43DB /* Pods */ = {
			isa = PBXGroup;
			children = (
				2DBF29C359EF8352A4BA945E /* Pods-Sieum.debug.xcconfig */,
				B1EFC0303B5226ED68233E78 /* Pods-Sieum.release.xcconfig */,
			);
			path = Pods;
			sourceTree = "<group>";
		};
		595D7FCF53CC1D13D9C4D316 /* Frameworks */ = {
			isa = PBXGroup;
			children = (
				C105D4651EA1187300631D41 /* NotificationCenter.framework */,
				27C513A77FC8ED0A989ACE48 /* Pods_Sieum.framework */,
			);
			name = Frameworks;
			sourceTree = "<group>";
		};
		C134D6F6225A46C700F6F26B /* Setting */ = {
			isa = PBXGroup;
			children = (
				C134D6F7225A46C700F6F26B /* SettingViewController.swift */,
				C134D6F8225A46C700F6F26B /* HelloViewController.swift */,
				C134D6F9225A46C700F6F26B /* SettingTableViewCell.swift */,
				C134D6FD225A46D900F6F26B /* WebViewController.swift */,
			);
			path = Setting;
			sourceTree = "<group>";
		};
		C134D7012265FBD900F6F26B /* MyPage */ = {
			isa = PBXGroup;
			children = (
				C134D7022265FBD900F6F26B /* MyPagePoemTableViewCell.swift */,
				C134D7032265FBD900F6F26B /* WriteViewController.swift */,
				C134D7042265FBD900F6F26B /* PageCursor.swift */,
				C134D7052265FBD900F6F26B /* MyPageEmptyView.swift */,
				C134D7062265FBD900F6F26B /* MyPageViewController.swift */,
			);
			path = MyPage;
			sourceTree = "<group>";
		};
		C154E1E222A196E9002D1949 /* Application */ = {
			isa = PBXGroup;
			children = (
				C1A769751E48998100B5E216 /* AppDelegate.swift */,
				C17F523D1E5DE4EF006AD57A /* Main.storyboard */,
				C127B5CE1E67019000275D21 /* LaunchScreen.storyboard */,
				C17F522F1E5DAD2B006AD57A /* Sieum-Bridging-Header.h */,
			);
			path = Application;
			sourceTree = "<group>";
		};
		C173D7D522A1A4390027B34F /* Supporting Files */ = {
			isa = PBXGroup;
			children = (
				C173D7D622A1A4390027B34F /* Assets.xcassets */,
				C173D7D722A1A4390027B34F /* sieum.entitlements */,
				C173D7D822A1A4390027B34F /* GoogleService-Info.plist */,
				C173D7D922A1A4390027B34F /* Font */,
				C173D7DB22A1A4390027B34F /* Frameworks */,
				C173D7DF22A1A4390027B34F /* Info.plist */,
			);
			name = "Supporting Files";
			path = "/Users/seongho/Documents/dev/si-eum-iOS/Supporting Files";
			sourceTree = "<absolute>";
		};
		C173D7D922A1A4390027B34F /* Font */ = {
			isa = PBXGroup;
			children = (
				C173D7DA22A1A4390027B34F /* IropkeBatangM.otf */,
			);
			path = Font;
			sourceTree = "<group>";
		};
		C173D7DB22A1A4390027B34F /* Frameworks */ = {
			isa = PBXGroup;
			children = (
				C173D7DC22A1A4390027B34F /* KakaoS2.framework */,
				C173D7DD22A1A4390027B34F /* KakaoLink.framework */,
				C173D7DE22A1A4390027B34F /* KakaoOpenSDK.framework */,
			);
			path = Frameworks;
			sourceTree = "<group>";
		};
		C18573AE22A1888600924F27 /* Network */ = {
			isa = PBXGroup;
			children = (
				C14A0437212C3D3600292D42 /* Request.swift */,
				C14A0439212C578600292D42 /* UserModel.swift */,
				C14A0443212EB34600292D42 /* Poem.swift */,
				C14A043B212C67DF00292D42 /* Mapper+Extension.swift */,
				C14A043D212C6B8800292D42 /* DatabaseReference+Rx.swift */,
				C14A043F212C6F1000292D42 /* DatabaseReference+Extension.swift */,
				C14A0445212EBE5600292D42 /* Optional+Rx.swift */,
				C14F9686214BF41B00744F24 /* FormatTransform.swift */,
			);
			path = Network;
			sourceTree = "<group>";
		};
		C18573AF22A188AE00924F27 /* Bookmark */ = {
			isa = PBXGroup;
			children = (
				C12D6F7B21230B63006DA57D /* BookmarkViewController.swift */,
			);
			path = Bookmark;
			sourceTree = "<group>";
		};
		C18573B122A188C700924F27 /* Util */ = {
			isa = PBXGroup;
			children = (
				C1FA0FFE2121C6580066A22C /* Theme.swift */,
				C1D5EFC22136E2BF00B2DDA2 /* LoginService.swift */,
				C12D6F832123A0BB006DA57D /* UIButton+Extension.swift */,
				C1752EBD1EC034200042C24E /* UYLNotificationDelegate.swift */,
				C1C209241E607234000C76B7 /* GlobalConstants.swift */,
				C152D82D1E50976800719583 /* ColorUtil.swift */,
				C1C209221E606A0B000C76B7 /* ImageUtil.swift */,
				C1377E1620234CCA008FB68D /* UIImageViewUtil.swift */,
				C1FA10002121C9090066A22C /* UIFont+Extension.swift */,
				C1E03C7821106A61002741A0 /* UINavigationController+Extension.swift */,
				C1FA0FF2211B2E7A0066A22C /* Emptiable+Extension.swift */,
				C12D6F852123A299006DA57D /* UIControl+Extension.swift */,
				C12D6F872125D81C006DA57D /* VisualActivityViewController.swift */,
				C12D6F8B2125DF6F006DA57D /* UITableView+Extension.swift */,
				C14A042F212AF07900292D42 /* Bundle+Extension.swift */,
				C151C6D721B16191001A2808 /* Result.swift */,
				C1BCA6BA21B3D3BF001B6B9F /* BaseViewController.swift */,
				C1BCA6BC21B3F2EC001B6B9F /* Date+Extension.swift */,
				C19AC4391EC5DAA700068A21 /* DateUtil.swift */,
				C195482E220C635400905200 /* UIResponder+Extension.swift */,
			);
			path = Util;
			sourceTree = "<group>";
		};
		C18573B222A188DE00924F27 /* Menu */ = {
			isa = PBXGroup;
			children = (
				C1D5EFC42136E78E00B2DDA2 /* MenuHeaderPopup.swift */,
				C12469492118B5BF0066F554 /* MenuViewController.swift */,
				C1FA0FF6211B3ACD0066A22C /* MenuViewModel.swift */,
				C1FA0FFA211B46030066A22C /* MenuTableViewCell.swift */,
				C10A4A54212AE4C4005B65B4 /* MenuHeaderView.swift */,
				C10A4A56212AE5BA005B65B4 /* MenuHeaderViewModel.swift */,
			);
			path = Menu;
			sourceTree = "<group>";
		};
		C18573B322A188ED00924F27 /* Page */ = {
			isa = PBXGroup;
			children = (
				C17F522B1E5DA80D006AD57A /* PageViewController.swift */,
				C14F81F31ECC983C0070F833 /* PoemModel.swift */,
				C1FA10022121DBB90066A22C /* PageViewModel.swift */,
				C1A769771E48998100B5E216 /* PoemViewController.swift */,
				C1CDBF1F1ECB4AB600C25A0C /* QuestionViewController.swift */,
				C17F52281E5DA79E006AD57A /* PoetViewController.swift */,
				C1FA10042122660A0066A22C /* PageViewModelUsable.swift */,
				C17F52391E5DC2EB006AD57A /* PoemCoverViewController.swift */,
				C17F52371E5DBED4006AD57A /* FloatingMenuViewController.swift */,
			);
			path = Page;
			sourceTree = "<group>";
		};
		C18573B422A188FC00924F27 /* Poets */ = {
			isa = PBXGroup;
			children = (
				C1FA1007212308D00066A22C /* PoetsViewController.swift */,
				C12D6F8D2125E5CB006DA57D /* PoetsThumbnailContainerCell.swift */,
				C12D6F9121265212006DA57D /* PoetProfileCell.swift */,
				C12D6F9321271891006DA57D /* PoemsOfPoetContainerCell.swift */,
			);
			path = Poets;
			sourceTree = "<group>";
		};
		C1A769691E48998100B5E216 = {
			isa = PBXGroup;
			children = (
				C1A769741E48998100B5E216 /* Sieum */,
				C1A769731E48998100B5E216 /* Products */,
				595D7FCF53CC1D13D9C4D316 /* Frameworks */,
				350A93B0A3438D81862E43DB /* Pods */,
				C173D7D522A1A4390027B34F /* Supporting Files */,
			);
			sourceTree = "<group>";
		};
		C1A769731E48998100B5E216 /* Products */ = {
			isa = PBXGroup;
			children = (
				C1A769721E48998100B5E216 /* Sieum.app */,
			);
			name = Products;
			sourceTree = "<group>";
		};
		C1A769741E48998100B5E216 /* Sieum */ = {
			isa = PBXGroup;
			children = (
				C154E1E222A196E9002D1949 /* Application */,
				C18573B422A188FC00924F27 /* Poets */,
				C18573B322A188ED00924F27 /* Page */,
				C18573B222A188DE00924F27 /* Menu */,
				C18573B122A188C700924F27 /* Util */,
				C18573AF22A188AE00924F27 /* Bookmark */,
				C18573AE22A1888600924F27 /* Network */,
				C134D6F6225A46C700F6F26B /* Setting */,
				C134D7012265FBD900F6F26B /* MyPage */,
			);
			path = Sieum;
			sourceTree = "<group>";
		};
/* End PBXGroup section */

/* Begin PBXNativeTarget section */
		C1A769711E48998100B5E216 /* Sieum */ = {
			isa = PBXNativeTarget;
			buildConfigurationList = C1A7699A1E48998100B5E216 /* Build configuration list for PBXNativeTarget "Sieum" */;
			buildPhases = (
				88BF7019B5ABCB88C8F31298 /* [CP] Check Pods Manifest.lock */,
				C1A7696E1E48998100B5E216 /* Sources */,
				C1A7696F1E48998100B5E216 /* Frameworks */,
				C1A769701E48998100B5E216 /* Resources */,
				C105D4741EA1187300631D41 /* Embed App Extensions */,
				890E74B736A80D2634BF3CC0 /* [CP] Embed Pods Frameworks */,
				89A753F86CA633DB671B8677 /* [CP] Copy Pods Resources */,
			);
			buildRules = (
			);
			dependencies = (
			);
			name = Sieum;
			productName = sieum;
			productReference = C1A769721E48998100B5E216 /* Sieum.app */;
			productType = "com.apple.product-type.application";
		};
/* End PBXNativeTarget section */

/* Begin PBXProject section */
		C1A7696A1E48998100B5E216 /* Project object */ = {
			isa = PBXProject;
			attributes = {
				LastSwiftUpdateCheck = 0830;
				LastUpgradeCheck = 1000;
				ORGANIZATIONNAME = "홍성호";
				TargetAttributes = {
					C1A769711E48998100B5E216 = {
						CreatedOnToolsVersion = 8.2.1;
						DevelopmentTeam = T5T6697UB7;
						LastSwiftMigration = 1000;
						ProvisioningStyle = Automatic;
						SystemCapabilities = {
							com.apple.ApplicationGroups.iOS = {
								enabled = 1;
							};
							com.apple.Keychain = {
								enabled = 1;
							};
						};
					};
				};
			};
			buildConfigurationList = C1A7696D1E48998100B5E216 /* Build configuration list for PBXProject "Sieum" */;
			compatibilityVersion = "Xcode 3.2";
			developmentRegion = English;
			hasScannedForEncodings = 0;
			knownRegions = (
				English,
				Base,
				ko,
			);
			mainGroup = C1A769691E48998100B5E216;
			productRefGroup = C1A769731E48998100B5E216 /* Products */;
			projectDirPath = "";
			projectRoot = "";
			targets = (
				C1A769711E48998100B5E216 /* Sieum */,
			);
		};
/* End PBXProject section */

/* Begin PBXResourcesBuildPhase section */
		C1A769701E48998100B5E216 /* Resources */ = {
			isa = PBXResourcesBuildPhase;
			buildActionMask = 2147483647;
			files = (
				C17F523E1E5DE4EF006AD57A /* Main.storyboard in Resources */,
				C173D7E122A1A4390027B34F /* GoogleService-Info.plist in Resources */,
				C173D7E022A1A4390027B34F /* Assets.xcassets in Resources */,
				C127B5D01E67019000275D21 /* LaunchScreen.storyboard in Resources */,
				C173D7E222A1A4390027B34F /* IropkeBatangM.otf in Resources */,
			);
			runOnlyForDeploymentPostprocessing = 0;
		};
/* End PBXResourcesBuildPhase section */

/* Begin PBXShellScriptBuildPhase section */
		88BF7019B5ABCB88C8F31298 /* [CP] Check Pods Manifest.lock */ = {
			isa = PBXShellScriptBuildPhase;
			buildActionMask = 2147483647;
			files = (
			);
			inputFileListPaths = (
			);
			inputPaths = (
				"${PODS_PODFILE_DIR_PATH}/Podfile.lock",
				"${PODS_ROOT}/Manifest.lock",
			);
			name = "[CP] Check Pods Manifest.lock";
			outputFileListPaths = (
			);
			outputPaths = (
				"$(DERIVED_FILE_DIR)/Pods-Sieum-checkManifestLockResult.txt",
			);
			runOnlyForDeploymentPostprocessing = 0;
			shellPath = /bin/sh;
			shellScript = "diff \"${PODS_PODFILE_DIR_PATH}/Podfile.lock\" \"${PODS_ROOT}/Manifest.lock\" > /dev/null\nif [ $? != 0 ] ; then\n    # print error to STDERR\n    echo \"error: The sandbox is not in sync with the Podfile.lock. Run 'pod install' or update your CocoaPods installation.\" >&2\n    exit 1\nfi\n# This output is used by Xcode 'outputs' to avoid re-running this script phase.\necho \"SUCCESS\" > \"${SCRIPT_OUTPUT_FILE_0}\"\n";
			showEnvVarsInLog = 0;
		};
		890E74B736A80D2634BF3CC0 /* [CP] Embed Pods Frameworks */ = {
			isa = PBXShellScriptBuildPhase;
			buildActionMask = 2147483647;
			files = (
			);
			inputFileListPaths = (
			);
			inputPaths = (
				"${PODS_ROOT}/Target Support Files/Pods-Sieum/Pods-Sieum-frameworks.sh",
				"${BUILT_PRODUCTS_DIR}/Alamofire/Alamofire.framework",
				"${BUILT_PRODUCTS_DIR}/BoringSSL-GRPC/openssl_grpc.framework",
				"${BUILT_PRODUCTS_DIR}/DBImageColorPicker/DBImageColorPicker.framework",
				"${BUILT_PRODUCTS_DIR}/Differentiator/Differentiator.framework",
				"${BUILT_PRODUCTS_DIR}/DynamicBlurView/DynamicBlurView.framework",
				"${BUILT_PRODUCTS_DIR}/Eureka/Eureka.framework",
				"${BUILT_PRODUCTS_DIR}/FBSDKCoreKit/FBSDKCoreKit.framework",
				"${BUILT_PRODUCTS_DIR}/FBSDKLoginKit/FBSDKLoginKit.framework",
				"${BUILT_PRODUCTS_DIR}/FBSDKShareKit/FBSDKShareKit.framework",
				"${BUILT_PRODUCTS_DIR}/GTMSessionFetcher/GTMSessionFetcher.framework",
				"${BUILT_PRODUCTS_DIR}/GoogleToolboxForMac/GoogleToolboxForMac.framework",
				"${BUILT_PRODUCTS_DIR}/GoogleUtilities/GoogleUtilities.framework",
				"${BUILT_PRODUCTS_DIR}/Kingfisher/Kingfisher.framework",
				"${BUILT_PRODUCTS_DIR}/ObjectMapper/ObjectMapper.framework",
				"${BUILT_PRODUCTS_DIR}/PanModal/PanModal.framework",
				"${BUILT_PRODUCTS_DIR}/PopupDialog/PopupDialog.framework",
				"${BUILT_PRODUCTS_DIR}/Protobuf/Protobuf.framework",
				"${BUILT_PRODUCTS_DIR}/RxCocoa/RxCocoa.framework",
				"${BUILT_PRODUCTS_DIR}/RxDataSources/RxDataSources.framework",
				"${BUILT_PRODUCTS_DIR}/RxSwift/RxSwift.framework",
				"${BUILT_PRODUCTS_DIR}/RxSwiftExt/RxSwiftExt.framework",
				"${BUILT_PRODUCTS_DIR}/RxTheme/RxTheme.framework",
				"${BUILT_PRODUCTS_DIR}/SDWebImage/SDWebImage.framework",
				"${BUILT_PRODUCTS_DIR}/SHSideMenu/SHSideMenu.framework",
				"${BUILT_PRODUCTS_DIR}/SnapKit/SnapKit.framework",
				"${BUILT_PRODUCTS_DIR}/SwiftyBeaver/SwiftyBeaver.framework",
				"${BUILT_PRODUCTS_DIR}/SwiftyJSON/SwiftyJSON.framework",
				"${BUILT_PRODUCTS_DIR}/Then/Then.framework",
				"${BUILT_PRODUCTS_DIR}/Toaster/Toaster.framework",
				"${BUILT_PRODUCTS_DIR}/gRPC-C++/grpcpp.framework",
				"${BUILT_PRODUCTS_DIR}/gRPC-Core/grpc.framework",
				"${BUILT_PRODUCTS_DIR}/leveldb-library/leveldb.framework",
				"${BUILT_PRODUCTS_DIR}/nanopb/nanopb.framework",
			);
			name = "[CP] Embed Pods Frameworks";
			outputFileListPaths = (
			);
			outputPaths = (
				"${TARGET_BUILD_DIR}/${FRAMEWORKS_FOLDER_PATH}/Alamofire.framework",
				"${TARGET_BUILD_DIR}/${FRAMEWORKS_FOLDER_PATH}/openssl_grpc.framework",
				"${TARGET_BUILD_DIR}/${FRAMEWORKS_FOLDER_PATH}/DBImageColorPicker.framework",
				"${TARGET_BUILD_DIR}/${FRAMEWORKS_FOLDER_PATH}/Differentiator.framework",
				"${TARGET_BUILD_DIR}/${FRAMEWORKS_FOLDER_PATH}/DynamicBlurView.framework",
				"${TARGET_BUILD_DIR}/${FRAMEWORKS_FOLDER_PATH}/Eureka.framework",
				"${TARGET_BUILD_DIR}/${FRAMEWORKS_FOLDER_PATH}/FBSDKCoreKit.framework",
				"${TARGET_BUILD_DIR}/${FRAMEWORKS_FOLDER_PATH}/FBSDKLoginKit.framework",
				"${TARGET_BUILD_DIR}/${FRAMEWORKS_FOLDER_PATH}/FBSDKShareKit.framework",
				"${TARGET_BUILD_DIR}/${FRAMEWORKS_FOLDER_PATH}/GTMSessionFetcher.framework",
				"${TARGET_BUILD_DIR}/${FRAMEWORKS_FOLDER_PATH}/GoogleToolboxForMac.framework",
				"${TARGET_BUILD_DIR}/${FRAMEWORKS_FOLDER_PATH}/GoogleUtilities.framework",
				"${TARGET_BUILD_DIR}/${FRAMEWORKS_FOLDER_PATH}/Kingfisher.framework",
				"${TARGET_BUILD_DIR}/${FRAMEWORKS_FOLDER_PATH}/ObjectMapper.framework",
				"${TARGET_BUILD_DIR}/${FRAMEWORKS_FOLDER_PATH}/PanModal.framework",
				"${TARGET_BUILD_DIR}/${FRAMEWORKS_FOLDER_PATH}/PopupDialog.framework",
				"${TARGET_BUILD_DIR}/${FRAMEWORKS_FOLDER_PATH}/Protobuf.framework",
				"${TARGET_BUILD_DIR}/${FRAMEWORKS_FOLDER_PATH}/RxCocoa.framework",
				"${TARGET_BUILD_DIR}/${FRAMEWORKS_FOLDER_PATH}/RxDataSources.framework",
				"${TARGET_BUILD_DIR}/${FRAMEWORKS_FOLDER_PATH}/RxSwift.framework",
				"${TARGET_BUILD_DIR}/${FRAMEWORKS_FOLDER_PATH}/RxSwiftExt.framework",
				"${TARGET_BUILD_DIR}/${FRAMEWORKS_FOLDER_PATH}/RxTheme.framework",
				"${TARGET_BUILD_DIR}/${FRAMEWORKS_FOLDER_PATH}/SDWebImage.framework",
				"${TARGET_BUILD_DIR}/${FRAMEWORKS_FOLDER_PATH}/SHSideMenu.framework",
				"${TARGET_BUILD_DIR}/${FRAMEWORKS_FOLDER_PATH}/SnapKit.framework",
				"${TARGET_BUILD_DIR}/${FRAMEWORKS_FOLDER_PATH}/SwiftyBeaver.framework",
				"${TARGET_BUILD_DIR}/${FRAMEWORKS_FOLDER_PATH}/SwiftyJSON.framework",
				"${TARGET_BUILD_DIR}/${FRAMEWORKS_FOLDER_PATH}/Then.framework",
				"${TARGET_BUILD_DIR}/${FRAMEWORKS_FOLDER_PATH}/Toaster.framework",
				"${TARGET_BUILD_DIR}/${FRAMEWORKS_FOLDER_PATH}/grpcpp.framework",
				"${TARGET_BUILD_DIR}/${FRAMEWORKS_FOLDER_PATH}/grpc.framework",
				"${TARGET_BUILD_DIR}/${FRAMEWORKS_FOLDER_PATH}/leveldb.framework",
				"${TARGET_BUILD_DIR}/${FRAMEWORKS_FOLDER_PATH}/nanopb.framework",
			);
			runOnlyForDeploymentPostprocessing = 0;
			shellPath = /bin/sh;
			shellScript = "\"${PODS_ROOT}/Target Support Files/Pods-Sieum/Pods-Sieum-frameworks.sh\"\n";
			showEnvVarsInLog = 0;
		};
		89A753F86CA633DB671B8677 /* [CP] Copy Pods Resources */ = {
			isa = PBXShellScriptBuildPhase;
			buildActionMask = 2147483647;
			files = (
			);
			inputFileListPaths = (
			);
			inputPaths = (
				"${PODS_ROOT}/Target Support Files/Pods-Sieum/Pods-Sieum-resources.sh",
				"${PODS_CONFIGURATION_BUILD_DIR}/FirebaseUI/FirebaseAnonymousAuthUI.bundle",
				"${PODS_CONFIGURATION_BUILD_DIR}/FirebaseUI/FirebaseAuthUI.bundle",
				"${PODS_CONFIGURATION_BUILD_DIR}/FirebaseUI/FirebaseEmailAuthUI.bundle",
				"${PODS_CONFIGURATION_BUILD_DIR}/FirebaseUI/FirebaseFacebookAuthUI.bundle",
				"${PODS_CONFIGURATION_BUILD_DIR}/FirebaseUI/FirebaseGoogleAuthUI.bundle",
				"${PODS_CONFIGURATION_BUILD_DIR}/FirebaseUI/FirebasePhoneAuthUI.bundle",
				"${PODS_ROOT}/GoogleSignIn/Resources/GoogleSignIn.bundle",
			);
			name = "[CP] Copy Pods Resources";
			outputFileListPaths = (
			);
			outputPaths = (
				"${TARGET_BUILD_DIR}/${UNLOCALIZED_RESOURCES_FOLDER_PATH}/FirebaseAnonymousAuthUI.bundle",
				"${TARGET_BUILD_DIR}/${UNLOCALIZED_RESOURCES_FOLDER_PATH}/FirebaseAuthUI.bundle",
				"${TARGET_BUILD_DIR}/${UNLOCALIZED_RESOURCES_FOLDER_PATH}/FirebaseEmailAuthUI.bundle",
				"${TARGET_BUILD_DIR}/${UNLOCALIZED_RESOURCES_FOLDER_PATH}/FirebaseFacebookAuthUI.bundle",
				"${TARGET_BUILD_DIR}/${UNLOCALIZED_RESOURCES_FOLDER_PATH}/FirebaseGoogleAuthUI.bundle",
				"${TARGET_BUILD_DIR}/${UNLOCALIZED_RESOURCES_FOLDER_PATH}/FirebasePhoneAuthUI.bundle",
				"${TARGET_BUILD_DIR}/${UNLOCALIZED_RESOURCES_FOLDER_PATH}/GoogleSignIn.bundle",
			);
			runOnlyForDeploymentPostprocessing = 0;
			shellPath = /bin/sh;
			shellScript = "\"${PODS_ROOT}/Target Support Files/Pods-Sieum/Pods-Sieum-resources.sh\"\n";
			showEnvVarsInLog = 0;
		};
/* End PBXShellScriptBuildPhase section */

/* Begin PBXSourcesBuildPhase section */
		C1A7696E1E48998100B5E216 /* Sources */ = {
			isa = PBXSourcesBuildPhase;
			buildActionMask = 2147483647;
			files = (
				C1377E1720234CCA008FB68D /* UIImageViewUtil.swift in Sources */,
				C10A4A55212AE4C4005B65B4 /* MenuHeaderView.swift in Sources */,
				C12D6F862123A299006DA57D /* UIControl+Extension.swift in Sources */,
				C17F522C1E5DA80D006AD57A /* PageViewController.swift in Sources */,
				C134D70A2265FBD900F6F26B /* MyPageEmptyView.swift in Sources */,
				C1D5EFC52136E78E00B2DDA2 /* MenuHeaderPopup.swift in Sources */,
				C10A4A57212AE5BA005B65B4 /* MenuHeaderViewModel.swift in Sources */,
				C1FA0FFB211B46030066A22C /* MenuTableViewCell.swift in Sources */,
				C1E03C7921106A61002741A0 /* UINavigationController+Extension.swift in Sources */,
				C12D6F9421271891006DA57D /* PoemsOfPoetContainerCell.swift in Sources */,
				C12D6F842123A0BB006DA57D /* UIButton+Extension.swift in Sources */,
				C12D6F7C21230B63006DA57D /* BookmarkViewController.swift in Sources */,
				C14A0444212EB34600292D42 /* Poem.swift in Sources */,
				C14A0438212C3D3600292D42 /* Request.swift in Sources */,
				C152D82E1E50976800719583 /* ColorUtil.swift in Sources */,
				C151C6D821B16191001A2808 /* Result.swift in Sources */,
				C1FA0FF7211B3ACD0066A22C /* MenuViewModel.swift in Sources */,
				C12D6F882125D81C006DA57D /* VisualActivityViewController.swift in Sources */,
				C14A0446212EBE5600292D42 /* Optional+Rx.swift in Sources */,
				C12D6F8C2125DF6F006DA57D /* UITableView+Extension.swift in Sources */,
				C134D6FE225A46D900F6F26B /* WebViewController.swift in Sources */,
				C14A0440212C6F1000292D42 /* DatabaseReference+Extension.swift in Sources */,
				C134D6FB225A46C800F6F26B /* HelloViewController.swift in Sources */,
				C134D7092265FBD900F6F26B /* PageCursor.swift in Sources */,
				C195482F220C635400905200 /* UIResponder+Extension.swift in Sources */,
				C134D7082265FBD900F6F26B /* WriteViewController.swift in Sources */,
				C14A043E212C6B8800292D42 /* DatabaseReference+Rx.swift in Sources */,
				C134D6FA225A46C800F6F26B /* SettingViewController.swift in Sources */,
				C134D7072265FBD900F6F26B /* MyPagePoemTableViewCell.swift in Sources */,
				C1A769781E48998100B5E216 /* PoemViewController.swift in Sources */,
				C14A0430212AF07900292D42 /* Bundle+Extension.swift in Sources */,
				C17F52291E5DA79E006AD57A /* PoetViewController.swift in Sources */,
				C14A043A212C578600292D42 /* UserModel.swift in Sources */,
				C1FA1008212308D00066A22C /* PoetsViewController.swift in Sources */,
				C134D6FC225A46C800F6F26B /* SettingTableViewCell.swift in Sources */,
				C14A043C212C67DF00292D42 /* Mapper+Extension.swift in Sources */,
				C1FA10012121C9090066A22C /* UIFont+Extension.swift in Sources */,
				C1A769761E48998100B5E216 /* AppDelegate.swift in Sources */,
				C1FA0FFF2121C6580066A22C /* Theme.swift in Sources */,
				C1BCA6BB21B3D3BF001B6B9F /* BaseViewController.swift in Sources */,
				C12D6F9221265212006DA57D /* PoetProfileCell.swift in Sources */,
				C12D6F8E2125E5CB006DA57D /* PoetsThumbnailContainerCell.swift in Sources */,
				C17F52381E5DBED4006AD57A /* FloatingMenuViewController.swift in Sources */,
				C1FA10032121DBB90066A22C /* PageViewModel.swift in Sources */,
				C1752EBE1EC034200042C24E /* UYLNotificationDelegate.swift in Sources */,
				C1C209251E607234000C76B7 /* GlobalConstants.swift in Sources */,
				C1CDBF201ECB4AB600C25A0C /* QuestionViewController.swift in Sources */,
				C134D70B2265FBD900F6F26B /* MyPageViewController.swift in Sources */,
				C124694A2118B5BF0066F554 /* MenuViewController.swift in Sources */,
				C1FA10052122660A0066A22C /* PageViewModelUsable.swift in Sources */,
				C14F81F41ECC983C0070F833 /* PoemModel.swift in Sources */,
				C1D5EFC32136E2BF00B2DDA2 /* LoginService.swift in Sources */,
				C17F523A1E5DC2EB006AD57A /* PoemCoverViewController.swift in Sources */,
				C14F9687214BF41B00744F24 /* FormatTransform.swift in Sources */,
				C1FA0FF3211B2E7A0066A22C /* Emptiable+Extension.swift in Sources */,
				C1BCA6BD21B3F2EC001B6B9F /* Date+Extension.swift in Sources */,
				C1C209231E606A0B000C76B7 /* ImageUtil.swift in Sources */,
				C19AC43A1EC5DAA700068A21 /* DateUtil.swift in Sources */,
			);
			runOnlyForDeploymentPostprocessing = 0;
		};
/* End PBXSourcesBuildPhase section */

/* Begin PBXVariantGroup section */
		C127B5CE1E67019000275D21 /* LaunchScreen.storyboard */ = {
			isa = PBXVariantGroup;
			children = (
				C127B5CF1E67019000275D21 /* Base */,
				C154E1E322A19883002D1949 /* ko */,
			);
			name = LaunchScreen.storyboard;
			sourceTree = "<group>";
		};
/* End PBXVariantGroup section */

/* Begin XCBuildConfiguration section */
		C1A769981E48998100B5E216 /* Debug */ = {
			isa = XCBuildConfiguration;
			buildSettings = {
				ALWAYS_SEARCH_USER_PATHS = NO;
				CLANG_ANALYZER_LOCALIZABILITY_NONLOCALIZED = YES;
				CLANG_ANALYZER_NONNULL = YES;
				CLANG_CXX_LANGUAGE_STANDARD = "gnu++0x";
				CLANG_CXX_LIBRARY = "libc++";
				CLANG_ENABLE_MODULES = YES;
				CLANG_ENABLE_OBJC_ARC = YES;
				CLANG_WARN_BLOCK_CAPTURE_AUTORELEASING = YES;
				CLANG_WARN_BOOL_CONVERSION = YES;
				CLANG_WARN_COMMA = YES;
				CLANG_WARN_CONSTANT_CONVERSION = YES;
				CLANG_WARN_DEPRECATED_OBJC_IMPLEMENTATIONS = YES;
				CLANG_WARN_DIRECT_OBJC_ISA_USAGE = YES_ERROR;
				CLANG_WARN_DOCUMENTATION_COMMENTS = YES;
				CLANG_WARN_EMPTY_BODY = YES;
				CLANG_WARN_ENUM_CONVERSION = YES;
				CLANG_WARN_INFINITE_RECURSION = YES;
				CLANG_WARN_INT_CONVERSION = YES;
				CLANG_WARN_NON_LITERAL_NULL_CONVERSION = YES;
				CLANG_WARN_OBJC_IMPLICIT_RETAIN_SELF = YES;
				CLANG_WARN_OBJC_LITERAL_CONVERSION = YES;
				CLANG_WARN_OBJC_ROOT_CLASS = YES_ERROR;
				CLANG_WARN_RANGE_LOOP_ANALYSIS = YES;
				CLANG_WARN_STRICT_PROTOTYPES = YES;
				CLANG_WARN_SUSPICIOUS_MOVE = YES;
				CLANG_WARN_UNREACHABLE_CODE = YES;
				CLANG_WARN__DUPLICATE_METHOD_MATCH = YES;
				"CODE_SIGN_IDENTITY[sdk=iphoneos*]" = "iPhone Developer";
				COPY_PHASE_STRIP = NO;
				DEBUG_INFORMATION_FORMAT = dwarf;
				ENABLE_STRICT_OBJC_MSGSEND = YES;
				ENABLE_TESTABILITY = YES;
				GCC_C_LANGUAGE_STANDARD = gnu99;
				GCC_DYNAMIC_NO_PIC = NO;
				GCC_NO_COMMON_BLOCKS = YES;
				GCC_OPTIMIZATION_LEVEL = 0;
				GCC_PREPROCESSOR_DEFINITIONS = (
					"DEBUG=1",
					"$(inherited)",
				);
				GCC_WARN_64_TO_32_BIT_CONVERSION = YES;
				GCC_WARN_ABOUT_RETURN_TYPE = YES_ERROR;
				GCC_WARN_UNDECLARED_SELECTOR = YES;
				GCC_WARN_UNINITIALIZED_AUTOS = YES_AGGRESSIVE;
				GCC_WARN_UNUSED_FUNCTION = YES;
				GCC_WARN_UNUSED_VARIABLE = YES;
				IPHONEOS_DEPLOYMENT_TARGET = 10.0;
				MTL_ENABLE_DEBUG_INFO = YES;
				ONLY_ACTIVE_ARCH = YES;
				SDKROOT = iphoneos;
				SWIFT_ACTIVE_COMPILATION_CONDITIONS = DEBUG;
				SWIFT_OPTIMIZATION_LEVEL = "-Onone";
				TARGETED_DEVICE_FAMILY = "1,2";
			};
			name = Debug;
		};
		C1A769991E48998100B5E216 /* Release */ = {
			isa = XCBuildConfiguration;
			buildSettings = {
				ALWAYS_SEARCH_USER_PATHS = NO;
				CLANG_ANALYZER_LOCALIZABILITY_NONLOCALIZED = YES;
				CLANG_ANALYZER_NONNULL = YES;
				CLANG_CXX_LANGUAGE_STANDARD = "gnu++0x";
				CLANG_CXX_LIBRARY = "libc++";
				CLANG_ENABLE_MODULES = YES;
				CLANG_ENABLE_OBJC_ARC = YES;
				CLANG_WARN_BLOCK_CAPTURE_AUTORELEASING = YES;
				CLANG_WARN_BOOL_CONVERSION = YES;
				CLANG_WARN_COMMA = YES;
				CLANG_WARN_CONSTANT_CONVERSION = YES;
				CLANG_WARN_DEPRECATED_OBJC_IMPLEMENTATIONS = YES;
				CLANG_WARN_DIRECT_OBJC_ISA_USAGE = YES_ERROR;
				CLANG_WARN_DOCUMENTATION_COMMENTS = YES;
				CLANG_WARN_EMPTY_BODY = YES;
				CLANG_WARN_ENUM_CONVERSION = YES;
				CLANG_WARN_INFINITE_RECURSION = YES;
				CLANG_WARN_INT_CONVERSION = YES;
				CLANG_WARN_NON_LITERAL_NULL_CONVERSION = YES;
				CLANG_WARN_OBJC_IMPLICIT_RETAIN_SELF = YES;
				CLANG_WARN_OBJC_LITERAL_CONVERSION = YES;
				CLANG_WARN_OBJC_ROOT_CLASS = YES_ERROR;
				CLANG_WARN_RANGE_LOOP_ANALYSIS = YES;
				CLANG_WARN_STRICT_PROTOTYPES = YES;
				CLANG_WARN_SUSPICIOUS_MOVE = YES;
				CLANG_WARN_UNREACHABLE_CODE = YES;
				CLANG_WARN__DUPLICATE_METHOD_MATCH = YES;
				"CODE_SIGN_IDENTITY[sdk=iphoneos*]" = "iPhone Developer";
				COPY_PHASE_STRIP = NO;
				DEBUG_INFORMATION_FORMAT = "dwarf-with-dsym";
				ENABLE_NS_ASSERTIONS = NO;
				ENABLE_STRICT_OBJC_MSGSEND = YES;
				GCC_C_LANGUAGE_STANDARD = gnu99;
				GCC_NO_COMMON_BLOCKS = YES;
				GCC_WARN_64_TO_32_BIT_CONVERSION = YES;
				GCC_WARN_ABOUT_RETURN_TYPE = YES_ERROR;
				GCC_WARN_UNDECLARED_SELECTOR = YES;
				GCC_WARN_UNINITIALIZED_AUTOS = YES_AGGRESSIVE;
				GCC_WARN_UNUSED_FUNCTION = YES;
				GCC_WARN_UNUSED_VARIABLE = YES;
				IPHONEOS_DEPLOYMENT_TARGET = 10.0;
				MTL_ENABLE_DEBUG_INFO = NO;
				SDKROOT = iphoneos;
				SWIFT_OPTIMIZATION_LEVEL = "-Owholemodule";
				TARGETED_DEVICE_FAMILY = "1,2";
				VALIDATE_PRODUCT = YES;
			};
			name = Release;
		};
		C1A7699B1E48998100B5E216 /* Debug */ = {
			isa = XCBuildConfiguration;
			baseConfigurationReference = 2DBF29C359EF8352A4BA945E /* Pods-Sieum.debug.xcconfig */;
			buildSettings = {
				ASSETCATALOG_COMPILER_APPICON_NAME = AppIcon;
				CLANG_ENABLE_MODULES = YES;
				CODE_SIGN_ENTITLEMENTS = "Supporting Files/sieum.entitlements";
				DEVELOPMENT_TEAM = T5T6697UB7;
				FRAMEWORK_SEARCH_PATHS = (
					"$(inherited)",
					"\"$PODS_CONFIGURATION_BUILD_DIR/Alamofire\"",
					"\"$PODS_CONFIGURATION_BUILD_DIR/DBImageColorPicker\"",
					"\"$PODS_CONFIGURATION_BUILD_DIR/SwiftyBeaver\"",
					"$(PROJECT_DIR)",
					"$(PROJECT_DIR)/Supporting\\ Files/Frameworks",
					"$(PROJECT_DIR)/Supporting\\ Files/Frameworks",
					"$(PROJECT_DIR)/Supporting\\ Files/Frameworks",
				);
				INFOPLIST_FILE = "$(SRCROOT)/Supporting Files/Info.plist";
				IPHONEOS_DEPLOYMENT_TARGET = 10.0;
				LD_RUNPATH_SEARCH_PATHS = "$(inherited) @executable_path/Frameworks";
				OTHER_LDFLAGS = (
					"$(inherited)",
					"-framework",
					"\"Alamofire\"",
					"-framework",
					"\"DBImageColorPicker\"",
					"-framework",
					"\"PopupDialog\"",
					"-framework",
					"\"SwiftyBeaver\"",
					"-all_load",
				);
				PRODUCT_BUNDLE_IDENTIFIER = com.jieum.sieum.ios;
				PRODUCT_NAME = "$(TARGET_NAME)";
				SWIFT_OBJC_BRIDGING_HEADER = "Sieum/Application/Sieum-Bridging-Header.h";
				SWIFT_OPTIMIZATION_LEVEL = "-Onone";
				SWIFT_VERSION = 4.2;
			};
			name = Debug;
		};
		C1A7699C1E48998100B5E216 /* Release */ = {
			isa = XCBuildConfiguration;
			baseConfigurationReference = B1EFC0303B5226ED68233E78 /* Pods-Sieum.release.xcconfig */;
			buildSettings = {
				ASSETCATALOG_COMPILER_APPICON_NAME = AppIcon;
				CLANG_ENABLE_MODULES = YES;
				CODE_SIGN_ENTITLEMENTS = "Supporting Files/sieum.entitlements";
				DEVELOPMENT_TEAM = T5T6697UB7;
				FRAMEWORK_SEARCH_PATHS = (
					"$(inherited)",
					"\"$PODS_CONFIGURATION_BUILD_DIR/Alamofire\"",
					"\"$PODS_CONFIGURATION_BUILD_DIR/DBImageColorPicker\"",
					"\"$PODS_CONFIGURATION_BUILD_DIR/SwiftyBeaver\"",
					"$(PROJECT_DIR)",
					"$(PROJECT_DIR)/Supporting\\ Files/Frameworks",
					"$(PROJECT_DIR)/Supporting\\ Files/Frameworks",
					"$(PROJECT_DIR)/Supporting\\ Files/Frameworks",
				);
				INFOPLIST_FILE = "$(SRCROOT)/Supporting Files/Info.plist";
				IPHONEOS_DEPLOYMENT_TARGET = 10.0;
				LD_RUNPATH_SEARCH_PATHS = "$(inherited) @executable_path/Frameworks";
				OTHER_LDFLAGS = (
					"$(inherited)",
					"-framework",
					"\"Alamofire\"",
					"-framework",
					"\"DBImageColorPicker\"",
					"-framework",
					"\"PopupDialog\"",
					"-framework",
					"\"SwiftyBeaver\"",
					"-all_load",
				);
				PRODUCT_BUNDLE_IDENTIFIER = com.jieum.sieum.ios;
				PRODUCT_NAME = "$(TARGET_NAME)";
				SWIFT_OBJC_BRIDGING_HEADER = "Sieum/Application/Sieum-Bridging-Header.h";
				SWIFT_VERSION = 4.2;
			};
			name = Release;
		};
/* End XCBuildConfiguration section */

/* Begin XCConfigurationList section */
		C1A7696D1E48998100B5E216 /* Build configuration list for PBXProject "Sieum" */ = {
			isa = XCConfigurationList;
			buildConfigurations = (
				C1A769981E48998100B5E216 /* Debug */,
				C1A769991E48998100B5E216 /* Release */,
			);
			defaultConfigurationIsVisible = 0;
			defaultConfigurationName = Release;
		};
		C1A7699A1E48998100B5E216 /* Build configuration list for PBXNativeTarget "Sieum" */ = {
			isa = XCConfigurationList;
			buildConfigurations = (
				C1A7699B1E48998100B5E216 /* Debug */,
				C1A7699C1E48998100B5E216 /* Release */,
			);
			defaultConfigurationIsVisible = 0;
			defaultConfigurationName = Release;
		};
/* End XCConfigurationList section */
	};
	rootObject = C1A7696A1E48998100B5E216 /* Project object */;
}
