// !$*UTF8*$!
{
	archiveVersion = 1;
	classes = {
	};
	objectVersion = 46;
	objects = {

/* Begin PBXBuildFile section */
		37D36C928A8128AE2C4A453B /* Pods_sieumTests.framework in Frameworks */ = {isa = PBXBuildFile; fileRef = 8B57E4D41CDAEE9F1EC198D7 /* Pods_sieumTests.framework */; };
		4A18B9366A519982809F87F9 /* Pods_sieum.framework in Frameworks */ = {isa = PBXBuildFile; fileRef = 1F09FAE3434EBD7F50C6438B /* Pods_sieum.framework */; };
		660977B85D079883A76A9CA1 /* Pods_sieumUITests.framework in Frameworks */ = {isa = PBXBuildFile; fileRef = 7ECE973D68BBCBC74CA4452B /* Pods_sieumUITests.framework */; };
		C152D8271E506BA900719583 /* image_example6.jpg in Resources */ = {isa = PBXBuildFile; fileRef = C152D8261E506BA900719583 /* image_example6.jpg */; };
		C152D82C1E508B2B00719583 /* image_example7.jpg in Resources */ = {isa = PBXBuildFile; fileRef = C152D82B1E508B2B00719583 /* image_example7.jpg */; };
		C152D82E1E50976800719583 /* ColorUtil.swift in Sources */ = {isa = PBXBuildFile; fileRef = C152D82D1E50976800719583 /* ColorUtil.swift */; };
		C152D8301E509CE300719583 /* logo.jpg in Resources */ = {isa = PBXBuildFile; fileRef = C152D82F1E509CE300719583 /* logo.jpg */; };
		C17F52291E5DA79E006AD57A /* PoetViewController.swift in Sources */ = {isa = PBXBuildFile; fileRef = C17F52281E5DA79E006AD57A /* PoetViewController.swift */; };
		C17F522C1E5DA80D006AD57A /* PageViewController.swift in Sources */ = {isa = PBXBuildFile; fileRef = C17F522B1E5DA80D006AD57A /* PageViewController.swift */; };
		C17F52331E5DB941006AD57A /* BaseViewController.swift in Sources */ = {isa = PBXBuildFile; fileRef = C17F52321E5DB941006AD57A /* BaseViewController.swift */; };
		C17F52381E5DBED4006AD57A /* MenuViewController.swift in Sources */ = {isa = PBXBuildFile; fileRef = C17F52371E5DBED4006AD57A /* MenuViewController.swift */; };
		C17F523A1E5DC2EB006AD57A /* MainViewController.swift in Sources */ = {isa = PBXBuildFile; fileRef = C17F52391E5DC2EB006AD57A /* MainViewController.swift */; };
		C17F523C1E5DE0B0006AD57A /* InfoViewController.swift in Sources */ = {isa = PBXBuildFile; fileRef = C17F523B1E5DE0B0006AD57A /* InfoViewController.swift */; };
		C17F523E1E5DE4EF006AD57A /* Main.storyboard in Resources */ = {isa = PBXBuildFile; fileRef = C17F523D1E5DE4EF006AD57A /* Main.storyboard */; };
		C194AD9E1E48D512003CF617 /* image_example4.jpg in Resources */ = {isa = PBXBuildFile; fileRef = C194AD9D1E48D512003CF617 /* image_example4.jpg */; };
		C194ADA01E48D784003CF617 /* image_example5.jpg in Resources */ = {isa = PBXBuildFile; fileRef = C194AD9F1E48D784003CF617 /* image_example5.jpg */; };
		C1A769761E48998100B5E216 /* AppDelegate.swift in Sources */ = {isa = PBXBuildFile; fileRef = C1A769751E48998100B5E216 /* AppDelegate.swift */; };
		C1A769781E48998100B5E216 /* PoemViewController.swift in Sources */ = {isa = PBXBuildFile; fileRef = C1A769771E48998100B5E216 /* PoemViewController.swift */; };
		C1A7697D1E48998100B5E216 /* Assets.xcassets in Resources */ = {isa = PBXBuildFile; fileRef = C1A7697C1E48998100B5E216 /* Assets.xcassets */; };
		C1A769801E48998100B5E216 /* LaunchScreen.storyboard in Resources */ = {isa = PBXBuildFile; fileRef = C1A7697E1E48998100B5E216 /* LaunchScreen.storyboard */; };
		C1A7698B1E48998100B5E216 /* sieumTests.swift in Sources */ = {isa = PBXBuildFile; fileRef = C1A7698A1E48998100B5E216 /* sieumTests.swift */; };
		C1A769961E48998100B5E216 /* sieumUITests.swift in Sources */ = {isa = PBXBuildFile; fileRef = C1A769951E48998100B5E216 /* sieumUITests.swift */; };
		C1A769A51E48A88E00B5E216 /* image_example.jpg in Resources */ = {isa = PBXBuildFile; fileRef = C1A769A41E48A88E00B5E216 /* image_example.jpg */; };
		C1A769A91E48C45400B5E216 /* IropkeBatangM.otf in Resources */ = {isa = PBXBuildFile; fileRef = C1A769A71E48C37600B5E216 /* IropkeBatangM.otf */; };
		C1A769AB1E48D2F900B5E216 /* image_example2.jpg in Resources */ = {isa = PBXBuildFile; fileRef = C1A769AA1E48D2F900B5E216 /* image_example2.jpg */; };
		C1A769AD1E48D3C100B5E216 /* image_example3.jpg in Resources */ = {isa = PBXBuildFile; fileRef = C1A769AC1E48D3C100B5E216 /* image_example3.jpg */; };
/* End PBXBuildFile section */

/* Begin PBXContainerItemProxy section */
		C1A769871E48998100B5E216 /* PBXContainerItemProxy */ = {
			isa = PBXContainerItemProxy;
			containerPortal = C1A7696A1E48998100B5E216 /* Project object */;
			proxyType = 1;
			remoteGlobalIDString = C1A769711E48998100B5E216;
			remoteInfo = sieum;
		};
		C1A769921E48998100B5E216 /* PBXContainerItemProxy */ = {
			isa = PBXContainerItemProxy;
			containerPortal = C1A7696A1E48998100B5E216 /* Project object */;
			proxyType = 1;
			remoteGlobalIDString = C1A769711E48998100B5E216;
			remoteInfo = sieum;
		};
/* End PBXContainerItemProxy section */

/* Begin PBXFileReference section */
		1F09FAE3434EBD7F50C6438B /* Pods_sieum.framework */ = {isa = PBXFileReference; explicitFileType = wrapper.framework; includeInIndex = 0; path = Pods_sieum.framework; sourceTree = BUILT_PRODUCTS_DIR; };
		2645917B1628DD4F13D99538 /* Pods-sieum.release.xcconfig */ = {isa = PBXFileReference; includeInIndex = 1; lastKnownFileType = text.xcconfig; name = "Pods-sieum.release.xcconfig"; path = "Pods/Target Support Files/Pods-sieum/Pods-sieum.release.xcconfig"; sourceTree = "<group>"; };
		38C922B3F215B5E1843DB6F8 /* Pods-sieumTests.release.xcconfig */ = {isa = PBXFileReference; includeInIndex = 1; lastKnownFileType = text.xcconfig; name = "Pods-sieumTests.release.xcconfig"; path = "Pods/Target Support Files/Pods-sieumTests/Pods-sieumTests.release.xcconfig"; sourceTree = "<group>"; };
		405EB608E5FFF346921B4D1D /* Pods-sieumUITests.debug.xcconfig */ = {isa = PBXFileReference; includeInIndex = 1; lastKnownFileType = text.xcconfig; name = "Pods-sieumUITests.debug.xcconfig"; path = "Pods/Target Support Files/Pods-sieumUITests/Pods-sieumUITests.debug.xcconfig"; sourceTree = "<group>"; };
		4090484F470BE9C3AE75E98C /* Pods-sieum.debug.xcconfig */ = {isa = PBXFileReference; includeInIndex = 1; lastKnownFileType = text.xcconfig; name = "Pods-sieum.debug.xcconfig"; path = "Pods/Target Support Files/Pods-sieum/Pods-sieum.debug.xcconfig"; sourceTree = "<group>"; };
		713883869EA0B7CF9E02CD28 /* Pods-sieumUITests.release.xcconfig */ = {isa = PBXFileReference; includeInIndex = 1; lastKnownFileType = text.xcconfig; name = "Pods-sieumUITests.release.xcconfig"; path = "Pods/Target Support Files/Pods-sieumUITests/Pods-sieumUITests.release.xcconfig"; sourceTree = "<group>"; };
		7ECE973D68BBCBC74CA4452B /* Pods_sieumUITests.framework */ = {isa = PBXFileReference; explicitFileType = wrapper.framework; includeInIndex = 0; path = Pods_sieumUITests.framework; sourceTree = BUILT_PRODUCTS_DIR; };
		8B57E4D41CDAEE9F1EC198D7 /* Pods_sieumTests.framework */ = {isa = PBXFileReference; explicitFileType = wrapper.framework; includeInIndex = 0; path = Pods_sieumTests.framework; sourceTree = BUILT_PRODUCTS_DIR; };
		C152D8261E506BA900719583 /* image_example6.jpg */ = {isa = PBXFileReference; lastKnownFileType = image.jpeg; path = image_example6.jpg; sourceTree = "<group>"; };
		C152D82B1E508B2B00719583 /* image_example7.jpg */ = {isa = PBXFileReference; lastKnownFileType = image.jpeg; path = image_example7.jpg; sourceTree = "<group>"; };
		C152D82D1E50976800719583 /* ColorUtil.swift */ = {isa = PBXFileReference; fileEncoding = 4; lastKnownFileType = sourcecode.swift; path = ColorUtil.swift; sourceTree = "<group>"; };
		C152D82F1E509CE300719583 /* logo.jpg */ = {isa = PBXFileReference; lastKnownFileType = image.jpeg; path = logo.jpg; sourceTree = "<group>"; };
		C17F52281E5DA79E006AD57A /* PoetViewController.swift */ = {isa = PBXFileReference; fileEncoding = 4; lastKnownFileType = sourcecode.swift; path = PoetViewController.swift; sourceTree = "<group>"; };
		C17F522B1E5DA80D006AD57A /* PageViewController.swift */ = {isa = PBXFileReference; fileEncoding = 4; lastKnownFileType = sourcecode.swift; path = PageViewController.swift; sourceTree = "<group>"; };
		C17F522F1E5DAD2B006AD57A /* sieum-Bridging-Header.h */ = {isa = PBXFileReference; lastKnownFileType = sourcecode.c.h; path = "sieum-Bridging-Header.h"; sourceTree = "<group>"; };
		C17F52321E5DB941006AD57A /* BaseViewController.swift */ = {isa = PBXFileReference; fileEncoding = 4; lastKnownFileType = sourcecode.swift; path = BaseViewController.swift; sourceTree = "<group>"; };
		C17F52371E5DBED4006AD57A /* MenuViewController.swift */ = {isa = PBXFileReference; fileEncoding = 4; lastKnownFileType = sourcecode.swift; path = MenuViewController.swift; sourceTree = "<group>"; };
		C17F52391E5DC2EB006AD57A /* MainViewController.swift */ = {isa = PBXFileReference; fileEncoding = 4; lastKnownFileType = sourcecode.swift; path = MainViewController.swift; sourceTree = "<group>"; };
		C17F523B1E5DE0B0006AD57A /* InfoViewController.swift */ = {isa = PBXFileReference; fileEncoding = 4; lastKnownFileType = sourcecode.swift; name = InfoViewController.swift; path = ../InfoViewController.swift; sourceTree = "<group>"; };
		C17F523D1E5DE4EF006AD57A /* Main.storyboard */ = {isa = PBXFileReference; fileEncoding = 4; lastKnownFileType = file.storyboard; path = Main.storyboard; sourceTree = "<group>"; };
		C194AD9D1E48D512003CF617 /* image_example4.jpg */ = {isa = PBXFileReference; lastKnownFileType = image.jpeg; path = image_example4.jpg; sourceTree = "<group>"; };
		C194AD9F1E48D784003CF617 /* image_example5.jpg */ = {isa = PBXFileReference; lastKnownFileType = image.jpeg; path = image_example5.jpg; sourceTree = "<group>"; };
		C1A769721E48998100B5E216 /* sieum.app */ = {isa = PBXFileReference; explicitFileType = wrapper.application; includeInIndex = 0; path = sieum.app; sourceTree = BUILT_PRODUCTS_DIR; };
		C1A769751E48998100B5E216 /* AppDelegate.swift */ = {isa = PBXFileReference; lastKnownFileType = sourcecode.swift; path = AppDelegate.swift; sourceTree = "<group>"; };
		C1A769771E48998100B5E216 /* PoemViewController.swift */ = {isa = PBXFileReference; lastKnownFileType = sourcecode.swift; path = PoemViewController.swift; sourceTree = "<group>"; };
		C1A7697C1E48998100B5E216 /* Assets.xcassets */ = {isa = PBXFileReference; lastKnownFileType = folder.assetcatalog; path = Assets.xcassets; sourceTree = "<group>"; };
		C1A7697F1E48998100B5E216 /* Base */ = {isa = PBXFileReference; lastKnownFileType = file.storyboard; name = Base; path = Base.lproj/LaunchScreen.storyboard; sourceTree = "<group>"; };
		C1A769811E48998100B5E216 /* Info.plist */ = {isa = PBXFileReference; lastKnownFileType = text.plist.xml; path = Info.plist; sourceTree = "<group>"; };
		C1A769861E48998100B5E216 /* sieumTests.xctest */ = {isa = PBXFileReference; explicitFileType = wrapper.cfbundle; includeInIndex = 0; path = sieumTests.xctest; sourceTree = BUILT_PRODUCTS_DIR; };
		C1A7698A1E48998100B5E216 /* sieumTests.swift */ = {isa = PBXFileReference; lastKnownFileType = sourcecode.swift; path = sieumTests.swift; sourceTree = "<group>"; };
		C1A7698C1E48998100B5E216 /* Info.plist */ = {isa = PBXFileReference; lastKnownFileType = text.plist.xml; path = Info.plist; sourceTree = "<group>"; };
		C1A769911E48998100B5E216 /* sieumUITests.xctest */ = {isa = PBXFileReference; explicitFileType = wrapper.cfbundle; includeInIndex = 0; path = sieumUITests.xctest; sourceTree = BUILT_PRODUCTS_DIR; };
		C1A769951E48998100B5E216 /* sieumUITests.swift */ = {isa = PBXFileReference; lastKnownFileType = sourcecode.swift; path = sieumUITests.swift; sourceTree = "<group>"; };
		C1A769971E48998100B5E216 /* Info.plist */ = {isa = PBXFileReference; lastKnownFileType = text.plist.xml; path = Info.plist; sourceTree = "<group>"; };
		C1A769A41E48A88E00B5E216 /* image_example.jpg */ = {isa = PBXFileReference; lastKnownFileType = image.jpeg; path = image_example.jpg; sourceTree = "<group>"; };
		C1A769A71E48C37600B5E216 /* IropkeBatangM.otf */ = {isa = PBXFileReference; lastKnownFileType = file; path = IropkeBatangM.otf; sourceTree = "<group>"; };
		C1A769AA1E48D2F900B5E216 /* image_example2.jpg */ = {isa = PBXFileReference; lastKnownFileType = image.jpeg; name = image_example2.jpg; path = ../image_example2.jpg; sourceTree = "<group>"; };
		C1A769AC1E48D3C100B5E216 /* image_example3.jpg */ = {isa = PBXFileReference; lastKnownFileType = image.jpeg; path = image_example3.jpg; sourceTree = "<group>"; };
		C99F21B4C27AC4E20538F3F5 /* Pods-sieumTests.debug.xcconfig */ = {isa = PBXFileReference; includeInIndex = 1; lastKnownFileType = text.xcconfig; name = "Pods-sieumTests.debug.xcconfig"; path = "Pods/Target Support Files/Pods-sieumTests/Pods-sieumTests.debug.xcconfig"; sourceTree = "<group>"; };
/* End PBXFileReference section */

/* Begin PBXFrameworksBuildPhase section */
		C1A7696F1E48998100B5E216 /* Frameworks */ = {
			isa = PBXFrameworksBuildPhase;
			buildActionMask = 2147483647;
			files = (
				4A18B9366A519982809F87F9 /* Pods_sieum.framework in Frameworks */,
			);
			runOnlyForDeploymentPostprocessing = 0;
		};
		C1A769831E48998100B5E216 /* Frameworks */ = {
			isa = PBXFrameworksBuildPhase;
			buildActionMask = 2147483647;
			files = (
				37D36C928A8128AE2C4A453B /* Pods_sieumTests.framework in Frameworks */,
			);
			runOnlyForDeploymentPostprocessing = 0;
		};
		C1A7698E1E48998100B5E216 /* Frameworks */ = {
			isa = PBXFrameworksBuildPhase;
			buildActionMask = 2147483647;
			files = (
				660977B85D079883A76A9CA1 /* Pods_sieumUITests.framework in Frameworks */,
			);
			runOnlyForDeploymentPostprocessing = 0;
		};
/* End PBXFrameworksBuildPhase section */

/* Begin PBXGroup section */
		595D7FCF53CC1D13D9C4D316 /* Frameworks */ = {
			isa = PBXGroup;
			children = (
				1F09FAE3434EBD7F50C6438B /* Pods_sieum.framework */,
				8B57E4D41CDAEE9F1EC198D7 /* Pods_sieumTests.framework */,
				7ECE973D68BBCBC74CA4452B /* Pods_sieumUITests.framework */,
			);
			name = Frameworks;
			sourceTree = "<group>";
		};
		C152D8281E506D6200719583 /* Util */ = {
			isa = PBXGroup;
			children = (
				C17F52341E5DBA23006AD57A /* Font */,
				C152D82D1E50976800719583 /* ColorUtil.swift */,
			);
			name = Util;
			sourceTree = "<group>";
		};
		C17F52341E5DBA23006AD57A /* Font */ = {
			isa = PBXGroup;
			children = (
			);
			name = Font;
			sourceTree = "<group>";
		};
		C1A769691E48998100B5E216 = {
			isa = PBXGroup;
			children = (
				C1A769741E48998100B5E216 /* sieum */,
				C1A769891E48998100B5E216 /* sieumTests */,
				C1A769941E48998100B5E216 /* sieumUITests */,
				C1A769731E48998100B5E216 /* Products */,
				C1A769A81E48C44100B5E216 /* supporting files */,
				C568A2F628C33D4F9218C6B4 /* Pods */,
				595D7FCF53CC1D13D9C4D316 /* Frameworks */,
			);
			sourceTree = "<group>";
		};
		C1A769731E48998100B5E216 /* Products */ = {
			isa = PBXGroup;
			children = (
				C1A769721E48998100B5E216 /* sieum.app */,
				C1A769861E48998100B5E216 /* sieumTests.xctest */,
				C1A769911E48998100B5E216 /* sieumUITests.xctest */,
			);
			name = Products;
			sourceTree = "<group>";
		};
		C1A769741E48998100B5E216 /* sieum */ = {
			isa = PBXGroup;
			children = (
				C17F522F1E5DAD2B006AD57A /* sieum-Bridging-Header.h */,
				C152D8281E506D6200719583 /* Util */,
				C1A769751E48998100B5E216 /* AppDelegate.swift */,
				C17F52391E5DC2EB006AD57A /* MainViewController.swift */,
				C17F52371E5DBED4006AD57A /* MenuViewController.swift */,
				C17F522B1E5DA80D006AD57A /* PageViewController.swift */,
				C1A769771E48998100B5E216 /* PoemViewController.swift */,
				C17F52281E5DA79E006AD57A /* PoetViewController.swift */,
				C17F52321E5DB941006AD57A /* BaseViewController.swift */,
				C17F523B1E5DE0B0006AD57A /* InfoViewController.swift */,
				C1A7697C1E48998100B5E216 /* Assets.xcassets */,
				C17F523D1E5DE4EF006AD57A /* Main.storyboard */,
				C1A7697E1E48998100B5E216 /* LaunchScreen.storyboard */,
				C1A769811E48998100B5E216 /* Info.plist */,
			);
			path = sieum;
			sourceTree = "<group>";
		};
		C1A769891E48998100B5E216 /* sieumTests */ = {
			isa = PBXGroup;
			children = (
				C1A7698A1E48998100B5E216 /* sieumTests.swift */,
				C1A7698C1E48998100B5E216 /* Info.plist */,
			);
			path = sieumTests;
			sourceTree = "<group>";
		};
		C1A769941E48998100B5E216 /* sieumUITests */ = {
			isa = PBXGroup;
			children = (
				C1A769951E48998100B5E216 /* sieumUITests.swift */,
				C1A769971E48998100B5E216 /* Info.plist */,
			);
			path = sieumUITests;
			sourceTree = "<group>";
		};
		C1A769A31E48A88500B5E216 /* image */ = {
			isa = PBXGroup;
			children = (
				C152D82F1E509CE300719583 /* logo.jpg */,
				C152D82B1E508B2B00719583 /* image_example7.jpg */,
				C152D8261E506BA900719583 /* image_example6.jpg */,
				C1A769A41E48A88E00B5E216 /* image_example.jpg */,
				C1A769AA1E48D2F900B5E216 /* image_example2.jpg */,
				C1A769AC1E48D3C100B5E216 /* image_example3.jpg */,
				C194AD9D1E48D512003CF617 /* image_example4.jpg */,
				C194AD9F1E48D784003CF617 /* image_example5.jpg */,
			);
			name = image;
			path = sieum;
			sourceTree = "<group>";
		};
		C1A769A61E48C19400B5E216 /* font */ = {
			isa = PBXGroup;
			children = (
				C1A769A71E48C37600B5E216 /* IropkeBatangM.otf */,
			);
			name = font;
			path = sieum;
			sourceTree = "<group>";
		};
		C1A769A81E48C44100B5E216 /* supporting files */ = {
			isa = PBXGroup;
			children = (
				C1A769A61E48C19400B5E216 /* font */,
				C1A769A31E48A88500B5E216 /* image */,
			);
			name = "supporting files";
			sourceTree = "<group>";
		};
		C568A2F628C33D4F9218C6B4 /* Pods */ = {
			isa = PBXGroup;
			children = (
				4090484F470BE9C3AE75E98C /* Pods-sieum.debug.xcconfig */,
				2645917B1628DD4F13D99538 /* Pods-sieum.release.xcconfig */,
				C99F21B4C27AC4E20538F3F5 /* Pods-sieumTests.debug.xcconfig */,
				38C922B3F215B5E1843DB6F8 /* Pods-sieumTests.release.xcconfig */,
				405EB608E5FFF346921B4D1D /* Pods-sieumUITests.debug.xcconfig */,
				713883869EA0B7CF9E02CD28 /* Pods-sieumUITests.release.xcconfig */,
			);
			name = Pods;
			sourceTree = "<group>";
		};
/* End PBXGroup section */

/* Begin PBXNativeTarget section */
		C1A769711E48998100B5E216 /* sieum */ = {
			isa = PBXNativeTarget;
			buildConfigurationList = C1A7699A1E48998100B5E216 /* Build configuration list for PBXNativeTarget "sieum" */;
			buildPhases = (
				9816E5DABBBB20EDB526F355 /* [CP] Check Pods Manifest.lock */,
				C1A7696E1E48998100B5E216 /* Sources */,
				C1A7696F1E48998100B5E216 /* Frameworks */,
				C1A769701E48998100B5E216 /* Resources */,
				D0E8FDFE3E0931A20DA7FC0A /* [CP] Embed Pods Frameworks */,
				8A9D9BFD12C82CD234B2E181 /* [CP] Copy Pods Resources */,
			);
			buildRules = (
			);
			dependencies = (
			);
			name = sieum;
			productName = sieum;
			productReference = C1A769721E48998100B5E216 /* sieum.app */;
			productType = "com.apple.product-type.application";
		};
		C1A769851E48998100B5E216 /* sieumTests */ = {
			isa = PBXNativeTarget;
			buildConfigurationList = C1A7699D1E48998100B5E216 /* Build configuration list for PBXNativeTarget "sieumTests" */;
			buildPhases = (
				4026D7E5C90EE3A5AAE26BA4 /* [CP] Check Pods Manifest.lock */,
				C1A769821E48998100B5E216 /* Sources */,
				C1A769831E48998100B5E216 /* Frameworks */,
				C1A769841E48998100B5E216 /* Resources */,
				3ACD227DC3AC65FB4579B705 /* [CP] Embed Pods Frameworks */,
				1ED55445976A378B28DAD025 /* [CP] Copy Pods Resources */,
			);
			buildRules = (
			);
			dependencies = (
				C1A769881E48998100B5E216 /* PBXTargetDependency */,
			);
			name = sieumTests;
			productName = sieumTests;
			productReference = C1A769861E48998100B5E216 /* sieumTests.xctest */;
			productType = "com.apple.product-type.bundle.unit-test";
		};
		C1A769901E48998100B5E216 /* sieumUITests */ = {
			isa = PBXNativeTarget;
			buildConfigurationList = C1A769A01E48998100B5E216 /* Build configuration list for PBXNativeTarget "sieumUITests" */;
			buildPhases = (
				E09A19175863A3A1A9837AFC /* [CP] Check Pods Manifest.lock */,
				C1A7698D1E48998100B5E216 /* Sources */,
				C1A7698E1E48998100B5E216 /* Frameworks */,
				C1A7698F1E48998100B5E216 /* Resources */,
				2A86F097754CAF5385E42B22 /* [CP] Embed Pods Frameworks */,
				1600498C972DB3D8FE492C4E /* [CP] Copy Pods Resources */,
			);
			buildRules = (
			);
			dependencies = (
				C1A769931E48998100B5E216 /* PBXTargetDependency */,
			);
			name = sieumUITests;
			productName = sieumUITests;
			productReference = C1A769911E48998100B5E216 /* sieumUITests.xctest */;
			productType = "com.apple.product-type.bundle.ui-testing";
		};
/* End PBXNativeTarget section */

/* Begin PBXProject section */
		C1A7696A1E48998100B5E216 /* Project object */ = {
			isa = PBXProject;
			attributes = {
				LastSwiftUpdateCheck = 0820;
				LastUpgradeCheck = 0820;
				ORGANIZATIONNAME = "홍성호";
				TargetAttributes = {
					C1A769711E48998100B5E216 = {
						CreatedOnToolsVersion = 8.2.1;
						DevelopmentTeam = E53J4346HQ;
						LastSwiftMigration = 0820;
						ProvisioningStyle = Automatic;
					};
					C1A769851E48998100B5E216 = {
						CreatedOnToolsVersion = 8.2.1;
						DevelopmentTeam = E53J4346HQ;
						ProvisioningStyle = Automatic;
						TestTargetID = C1A769711E48998100B5E216;
					};
					C1A769901E48998100B5E216 = {
						CreatedOnToolsVersion = 8.2.1;
						DevelopmentTeam = E53J4346HQ;
						ProvisioningStyle = Automatic;
						TestTargetID = C1A769711E48998100B5E216;
					};
				};
			};
			buildConfigurationList = C1A7696D1E48998100B5E216 /* Build configuration list for PBXProject "sieum" */;
			compatibilityVersion = "Xcode 3.2";
			developmentRegion = English;
			hasScannedForEncodings = 0;
			knownRegions = (
				en,
				Base,
			);
			mainGroup = C1A769691E48998100B5E216;
			productRefGroup = C1A769731E48998100B5E216 /* Products */;
			projectDirPath = "";
			projectRoot = "";
			targets = (
				C1A769711E48998100B5E216 /* sieum */,
				C1A769851E48998100B5E216 /* sieumTests */,
				C1A769901E48998100B5E216 /* sieumUITests */,
			);
		};
/* End PBXProject section */

/* Begin PBXResourcesBuildPhase section */
		C1A769701E48998100B5E216 /* Resources */ = {
			isa = PBXResourcesBuildPhase;
			buildActionMask = 2147483647;
			files = (
				C194AD9E1E48D512003CF617 /* image_example4.jpg in Resources */,
				C1A769A91E48C45400B5E216 /* IropkeBatangM.otf in Resources */,
				C152D8271E506BA900719583 /* image_example6.jpg in Resources */,
				C17F523E1E5DE4EF006AD57A /* Main.storyboard in Resources */,
				C152D8301E509CE300719583 /* logo.jpg in Resources */,
				C1A769801E48998100B5E216 /* LaunchScreen.storyboard in Resources */,
				C194ADA01E48D784003CF617 /* image_example5.jpg in Resources */,
				C1A7697D1E48998100B5E216 /* Assets.xcassets in Resources */,
				C1A769AD1E48D3C100B5E216 /* image_example3.jpg in Resources */,
				C152D82C1E508B2B00719583 /* image_example7.jpg in Resources */,
				C1A769AB1E48D2F900B5E216 /* image_example2.jpg in Resources */,
				C1A769A51E48A88E00B5E216 /* image_example.jpg in Resources */,
			);
			runOnlyForDeploymentPostprocessing = 0;
		};
		C1A769841E48998100B5E216 /* Resources */ = {
			isa = PBXResourcesBuildPhase;
			buildActionMask = 2147483647;
			files = (
			);
			runOnlyForDeploymentPostprocessing = 0;
		};
		C1A7698F1E48998100B5E216 /* Resources */ = {
			isa = PBXResourcesBuildPhase;
			buildActionMask = 2147483647;
			files = (
			);
			runOnlyForDeploymentPostprocessing = 0;
		};
/* End PBXResourcesBuildPhase section */

/* Begin PBXShellScriptBuildPhase section */
		1600498C972DB3D8FE492C4E /* [CP] Copy Pods Resources */ = {
			isa = PBXShellScriptBuildPhase;
			buildActionMask = 2147483647;
			files = (
			);
			inputPaths = (
			);
			name = "[CP] Copy Pods Resources";
			outputPaths = (
			);
			runOnlyForDeploymentPostprocessing = 0;
			shellPath = /bin/sh;
			shellScript = "\"${SRCROOT}/Pods/Target Support Files/Pods-sieumUITests/Pods-sieumUITests-resources.sh\"\n";
			showEnvVarsInLog = 0;
		};
		1ED55445976A378B28DAD025 /* [CP] Copy Pods Resources */ = {
			isa = PBXShellScriptBuildPhase;
			buildActionMask = 2147483647;
			files = (
			);
			inputPaths = (
			);
			name = "[CP] Copy Pods Resources";
			outputPaths = (
			);
			runOnlyForDeploymentPostprocessing = 0;
			shellPath = /bin/sh;
			shellScript = "\"${SRCROOT}/Pods/Target Support Files/Pods-sieumTests/Pods-sieumTests-resources.sh\"\n";
			showEnvVarsInLog = 0;
		};
		2A86F097754CAF5385E42B22 /* [CP] Embed Pods Frameworks */ = {
			isa = PBXShellScriptBuildPhase;
			buildActionMask = 2147483647;
			files = (
			);
			inputPaths = (
			);
			name = "[CP] Embed Pods Frameworks";
			outputPaths = (
			);
			runOnlyForDeploymentPostprocessing = 0;
			shellPath = /bin/sh;
			shellScript = "\"${SRCROOT}/Pods/Target Support Files/Pods-sieumUITests/Pods-sieumUITests-frameworks.sh\"\n";
			showEnvVarsInLog = 0;
		};
		3ACD227DC3AC65FB4579B705 /* [CP] Embed Pods Frameworks */ = {
			isa = PBXShellScriptBuildPhase;
			buildActionMask = 2147483647;
			files = (
			);
			inputPaths = (
			);
			name = "[CP] Embed Pods Frameworks";
			outputPaths = (
			);
			runOnlyForDeploymentPostprocessing = 0;
			shellPath = /bin/sh;
			shellScript = "\"${SRCROOT}/Pods/Target Support Files/Pods-sieumTests/Pods-sieumTests-frameworks.sh\"\n";
			showEnvVarsInLog = 0;
		};
		4026D7E5C90EE3A5AAE26BA4 /* [CP] Check Pods Manifest.lock */ = {
			isa = PBXShellScriptBuildPhase;
			buildActionMask = 2147483647;
			files = (
			);
			inputPaths = (
			);
			name = "[CP] Check Pods Manifest.lock";
			outputPaths = (
			);
			runOnlyForDeploymentPostprocessing = 0;
			shellPath = /bin/sh;
			shellScript = "diff \"${PODS_ROOT}/../Podfile.lock\" \"${PODS_ROOT}/Manifest.lock\" > /dev/null\nif [ $? != 0 ] ; then\n    # print error to STDERR\n    echo \"error: The sandbox is not in sync with the Podfile.lock. Run 'pod install' or update your CocoaPods installation.\" >&2\n    exit 1\nfi\n";
			showEnvVarsInLog = 0;
		};
		8A9D9BFD12C82CD234B2E181 /* [CP] Copy Pods Resources */ = {
			isa = PBXShellScriptBuildPhase;
			buildActionMask = 2147483647;
			files = (
			);
			inputPaths = (
			);
			name = "[CP] Copy Pods Resources";
			outputPaths = (
			);
			runOnlyForDeploymentPostprocessing = 0;
			shellPath = /bin/sh;
			shellScript = "\"${SRCROOT}/Pods/Target Support Files/Pods-sieum/Pods-sieum-resources.sh\"\n";
			showEnvVarsInLog = 0;
		};
		9816E5DABBBB20EDB526F355 /* [CP] Check Pods Manifest.lock */ = {
			isa = PBXShellScriptBuildPhase;
			buildActionMask = 2147483647;
			files = (
			);
			inputPaths = (
			);
			name = "[CP] Check Pods Manifest.lock";
			outputPaths = (
			);
			runOnlyForDeploymentPostprocessing = 0;
			shellPath = /bin/sh;
			shellScript = "diff \"${PODS_ROOT}/../Podfile.lock\" \"${PODS_ROOT}/Manifest.lock\" > /dev/null\nif [ $? != 0 ] ; then\n    # print error to STDERR\n    echo \"error: The sandbox is not in sync with the Podfile.lock. Run 'pod install' or update your CocoaPods installation.\" >&2\n    exit 1\nfi\n";
			showEnvVarsInLog = 0;
		};
		D0E8FDFE3E0931A20DA7FC0A /* [CP] Embed Pods Frameworks */ = {
			isa = PBXShellScriptBuildPhase;
			buildActionMask = 2147483647;
			files = (
			);
			inputPaths = (
			);
			name = "[CP] Embed Pods Frameworks";
			outputPaths = (
			);
			runOnlyForDeploymentPostprocessing = 0;
			shellPath = /bin/sh;
			shellScript = "\"${SRCROOT}/Pods/Target Support Files/Pods-sieum/Pods-sieum-frameworks.sh\"\n";
			showEnvVarsInLog = 0;
		};
		E09A19175863A3A1A9837AFC /* [CP] Check Pods Manifest.lock */ = {
			isa = PBXShellScriptBuildPhase;
			buildActionMask = 2147483647;
			files = (
			);
			inputPaths = (
			);
			name = "[CP] Check Pods Manifest.lock";
			outputPaths = (
			);
			runOnlyForDeploymentPostprocessing = 0;
			shellPath = /bin/sh;
			shellScript = "diff \"${PODS_ROOT}/../Podfile.lock\" \"${PODS_ROOT}/Manifest.lock\" > /dev/null\nif [ $? != 0 ] ; then\n    # print error to STDERR\n    echo \"error: The sandbox is not in sync with the Podfile.lock. Run 'pod install' or update your CocoaPods installation.\" >&2\n    exit 1\nfi\n";
			showEnvVarsInLog = 0;
		};
/* End PBXShellScriptBuildPhase section */

/* Begin PBXSourcesBuildPhase section */
		C1A7696E1E48998100B5E216 /* Sources */ = {
			isa = PBXSourcesBuildPhase;
			buildActionMask = 2147483647;
			files = (
				C17F522C1E5DA80D006AD57A /* PageViewController.swift in Sources */,
				C152D82E1E50976800719583 /* ColorUtil.swift in Sources */,
				C1A769781E48998100B5E216 /* PoemViewController.swift in Sources */,
				C17F52291E5DA79E006AD57A /* PoetViewController.swift in Sources */,
				C17F523C1E5DE0B0006AD57A /* InfoViewController.swift in Sources */,
				C1A769761E48998100B5E216 /* AppDelegate.swift in Sources */,
				C17F52331E5DB941006AD57A /* BaseViewController.swift in Sources */,
				C17F52381E5DBED4006AD57A /* MenuViewController.swift in Sources */,
				C17F523A1E5DC2EB006AD57A /* MainViewController.swift in Sources */,
			);
			runOnlyForDeploymentPostprocessing = 0;
		};
		C1A769821E48998100B5E216 /* Sources */ = {
			isa = PBXSourcesBuildPhase;
			buildActionMask = 2147483647;
			files = (
				C1A7698B1E48998100B5E216 /* sieumTests.swift in Sources */,
			);
			runOnlyForDeploymentPostprocessing = 0;
		};
		C1A7698D1E48998100B5E216 /* Sources */ = {
			isa = PBXSourcesBuildPhase;
			buildActionMask = 2147483647;
			files = (
				C1A769961E48998100B5E216 /* sieumUITests.swift in Sources */,
			);
			runOnlyForDeploymentPostprocessing = 0;
		};
/* End PBXSourcesBuildPhase section */

/* Begin PBXTargetDependency section */
		C1A769881E48998100B5E216 /* PBXTargetDependency */ = {
			isa = PBXTargetDependency;
			target = C1A769711E48998100B5E216 /* sieum */;
			targetProxy = C1A769871E48998100B5E216 /* PBXContainerItemProxy */;
		};
		C1A769931E48998100B5E216 /* PBXTargetDependency */ = {
			isa = PBXTargetDependency;
			target = C1A769711E48998100B5E216 /* sieum */;
			targetProxy = C1A769921E48998100B5E216 /* PBXContainerItemProxy */;
		};
/* End PBXTargetDependency section */

/* Begin PBXVariantGroup section */
		C1A7697E1E48998100B5E216 /* LaunchScreen.storyboard */ = {
			isa = PBXVariantGroup;
			children = (
				C1A7697F1E48998100B5E216 /* Base */,
			);
			name = LaunchScreen.storyboard;
			sourceTree = "<group>";
		};
/* End PBXVariantGroup section */

/* Begin XCBuildConfiguration section */
		C1A769981E48998100B5E216 /* Debug */ = {
			isa = XCBuildConfiguration;
			buildSettings = {
				ALWAYS_SEARCH_USER_PATHS = NO;
				CLANG_ANALYZER_NONNULL = YES;
				CLANG_CXX_LANGUAGE_STANDARD = "gnu++0x";
				CLANG_CXX_LIBRARY = "libc++";
				CLANG_ENABLE_MODULES = YES;
				CLANG_ENABLE_OBJC_ARC = YES;
				CLANG_WARN_BOOL_CONVERSION = YES;
				CLANG_WARN_CONSTANT_CONVERSION = YES;
				CLANG_WARN_DIRECT_OBJC_ISA_USAGE = YES_ERROR;
				CLANG_WARN_DOCUMENTATION_COMMENTS = YES;
				CLANG_WARN_EMPTY_BODY = YES;
				CLANG_WARN_ENUM_CONVERSION = YES;
				CLANG_WARN_INFINITE_RECURSION = YES;
				CLANG_WARN_INT_CONVERSION = YES;
				CLANG_WARN_OBJC_ROOT_CLASS = YES_ERROR;
				CLANG_WARN_SUSPICIOUS_MOVE = YES;
				CLANG_WARN_UNREACHABLE_CODE = YES;
				CLANG_WARN__DUPLICATE_METHOD_MATCH = YES;
				"CODE_SIGN_IDENTITY[sdk=iphoneos*]" = "iPhone Developer";
				COPY_PHASE_STRIP = NO;
				DEBUG_INFORMATION_FORMAT = dwarf;
				ENABLE_STRICT_OBJC_MSGSEND = YES;
				ENABLE_TESTABILITY = YES;
				GCC_C_LANGUAGE_STANDARD = gnu99;
				GCC_DYNAMIC_NO_PIC = NO;
				GCC_NO_COMMON_BLOCKS = YES;
				GCC_OPTIMIZATION_LEVEL = 0;
				GCC_PREPROCESSOR_DEFINITIONS = (
					"DEBUG=1",
					"$(inherited)",
				);
				GCC_WARN_64_TO_32_BIT_CONVERSION = YES;
				GCC_WARN_ABOUT_RETURN_TYPE = YES_ERROR;
				GCC_WARN_UNDECLARED_SELECTOR = YES;
				GCC_WARN_UNINITIALIZED_AUTOS = YES_AGGRESSIVE;
				GCC_WARN_UNUSED_FUNCTION = YES;
				GCC_WARN_UNUSED_VARIABLE = YES;
				IPHONEOS_DEPLOYMENT_TARGET = 10.2;
				MTL_ENABLE_DEBUG_INFO = YES;
				ONLY_ACTIVE_ARCH = YES;
				SDKROOT = iphoneos;
				SWIFT_ACTIVE_COMPILATION_CONDITIONS = DEBUG;
				SWIFT_OPTIMIZATION_LEVEL = "-Onone";
				TARGETED_DEVICE_FAMILY = "1,2";
			};
			name = Debug;
		};
		C1A769991E48998100B5E216 /* Release */ = {
			isa = XCBuildConfiguration;
			buildSettings = {
				ALWAYS_SEARCH_USER_PATHS = NO;
				CLANG_ANALYZER_NONNULL = YES;
				CLANG_CXX_LANGUAGE_STANDARD = "gnu++0x";
				CLANG_CXX_LIBRARY = "libc++";
				CLANG_ENABLE_MODULES = YES;
				CLANG_ENABLE_OBJC_ARC = YES;
				CLANG_WARN_BOOL_CONVERSION = YES;
				CLANG_WARN_CONSTANT_CONVERSION = YES;
				CLANG_WARN_DIRECT_OBJC_ISA_USAGE = YES_ERROR;
				CLANG_WARN_DOCUMENTATION_COMMENTS = YES;
				CLANG_WARN_EMPTY_BODY = YES;
				CLANG_WARN_ENUM_CONVERSION = YES;
				CLANG_WARN_INFINITE_RECURSION = YES;
				CLANG_WARN_INT_CONVERSION = YES;
				CLANG_WARN_OBJC_ROOT_CLASS = YES_ERROR;
				CLANG_WARN_SUSPICIOUS_MOVE = YES;
				CLANG_WARN_UNREACHABLE_CODE = YES;
				CLANG_WARN__DUPLICATE_METHOD_MATCH = YES;
				"CODE_SIGN_IDENTITY[sdk=iphoneos*]" = "iPhone Developer";
				COPY_PHASE_STRIP = NO;
				DEBUG_INFORMATION_FORMAT = "dwarf-with-dsym";
				ENABLE_NS_ASSERTIONS = NO;
				ENABLE_STRICT_OBJC_MSGSEND = YES;
				GCC_C_LANGUAGE_STANDARD = gnu99;
				GCC_NO_COMMON_BLOCKS = YES;
				GCC_WARN_64_TO_32_BIT_CONVERSION = YES;
				GCC_WARN_ABOUT_RETURN_TYPE = YES_ERROR;
				GCC_WARN_UNDECLARED_SELECTOR = YES;
				GCC_WARN_UNINITIALIZED_AUTOS = YES_AGGRESSIVE;
				GCC_WARN_UNUSED_FUNCTION = YES;
				GCC_WARN_UNUSED_VARIABLE = YES;
				IPHONEOS_DEPLOYMENT_TARGET = 10.2;
				MTL_ENABLE_DEBUG_INFO = NO;
				SDKROOT = iphoneos;
				SWIFT_OPTIMIZATION_LEVEL = "-Owholemodule";
				TARGETED_DEVICE_FAMILY = "1,2";
				VALIDATE_PRODUCT = YES;
			};
			name = Release;
		};
		C1A7699B1E48998100B5E216 /* Debug */ = {
			isa = XCBuildConfiguration;
			baseConfigurationReference = 4090484F470BE9C3AE75E98C /* Pods-sieum.debug.xcconfig */;
			buildSettings = {
				ASSETCATALOG_COMPILER_APPICON_NAME = AppIcon;
				CLANG_ENABLE_MODULES = YES;
				DEVELOPMENT_TEAM = E53J4346HQ;
				INFOPLIST_FILE = sieum/Info.plist;
				LD_RUNPATH_SEARCH_PATHS = "$(inherited) @executable_path/Frameworks";
				PRODUCT_BUNDLE_IDENTIFIER = com.jieum.sieum;
				PRODUCT_NAME = "$(TARGET_NAME)";
				SWIFT_OBJC_BRIDGING_HEADER = "sieum/sieum-Bridging-Header.h";
				SWIFT_OPTIMIZATION_LEVEL = "-Onone";
				SWIFT_VERSION = 3.0;
			};
			name = Debug;
		};
		C1A7699C1E48998100B5E216 /* Release */ = {
			isa = XCBuildConfiguration;
			baseConfigurationReference = 2645917B1628DD4F13D99538 /* Pods-sieum.release.xcconfig */;
			buildSettings = {
				ASSETCATALOG_COMPILER_APPICON_NAME = AppIcon;
				CLANG_ENABLE_MODULES = YES;
				DEVELOPMENT_TEAM = E53J4346HQ;
				INFOPLIST_FILE = sieum/Info.plist;
				LD_RUNPATH_SEARCH_PATHS = "$(inherited) @executable_path/Frameworks";
				PRODUCT_BUNDLE_IDENTIFIER = com.jieum.sieum;
				PRODUCT_NAME = "$(TARGET_NAME)";
				SWIFT_OBJC_BRIDGING_HEADER = "sieum/sieum-Bridging-Header.h";
				SWIFT_VERSION = 3.0;
			};
			name = Release;
		};
		C1A7699E1E48998100B5E216 /* Debug */ = {
			isa = XCBuildConfiguration;
			baseConfigurationReference = C99F21B4C27AC4E20538F3F5 /* Pods-sieumTests.debug.xcconfig */;
			buildSettings = {
				ALWAYS_EMBED_SWIFT_STANDARD_LIBRARIES = YES;
				BUNDLE_LOADER = "$(TEST_HOST)";
				DEVELOPMENT_TEAM = E53J4346HQ;
				INFOPLIST_FILE = sieumTests/Info.plist;
				LD_RUNPATH_SEARCH_PATHS = "$(inherited) @executable_path/Frameworks @loader_path/Frameworks";
				PRODUCT_BUNDLE_IDENTIFIER = com.jieum.sieumTests;
				PRODUCT_NAME = "$(TARGET_NAME)";
				SWIFT_VERSION = 3.0;
				TEST_HOST = "$(BUILT_PRODUCTS_DIR)/sieum.app/sieum";
			};
			name = Debug;
		};
		C1A7699F1E48998100B5E216 /* Release */ = {
			isa = XCBuildConfiguration;
			baseConfigurationReference = 38C922B3F215B5E1843DB6F8 /* Pods-sieumTests.release.xcconfig */;
			buildSettings = {
				ALWAYS_EMBED_SWIFT_STANDARD_LIBRARIES = YES;
				BUNDLE_LOADER = "$(TEST_HOST)";
				DEVELOPMENT_TEAM = E53J4346HQ;
				INFOPLIST_FILE = sieumTests/Info.plist;
				LD_RUNPATH_SEARCH_PATHS = "$(inherited) @executable_path/Frameworks @loader_path/Frameworks";
				PRODUCT_BUNDLE_IDENTIFIER = com.jieum.sieumTests;
				PRODUCT_NAME = "$(TARGET_NAME)";
				SWIFT_VERSION = 3.0;
				TEST_HOST = "$(BUILT_PRODUCTS_DIR)/sieum.app/sieum";
			};
			name = Release;
		};
		C1A769A11E48998100B5E216 /* Debug */ = {
			isa = XCBuildConfiguration;
			baseConfigurationReference = 405EB608E5FFF346921B4D1D /* Pods-sieumUITests.debug.xcconfig */;
			buildSettings = {
				ALWAYS_EMBED_SWIFT_STANDARD_LIBRARIES = YES;
				DEVELOPMENT_TEAM = E53J4346HQ;
				INFOPLIST_FILE = sieumUITests/Info.plist;
				LD_RUNPATH_SEARCH_PATHS = "$(inherited) @executable_path/Frameworks @loader_path/Frameworks";
				PRODUCT_BUNDLE_IDENTIFIER = com.jieum.sieumUITests;
				PRODUCT_NAME = "$(TARGET_NAME)";
				SWIFT_VERSION = 3.0;
				TEST_TARGET_NAME = sieum;
			};
			name = Debug;
		};
		C1A769A21E48998100B5E216 /* Release */ = {
			isa = XCBuildConfiguration;
			baseConfigurationReference = 713883869EA0B7CF9E02CD28 /* Pods-sieumUITests.release.xcconfig */;
			buildSettings = {
				ALWAYS_EMBED_SWIFT_STANDARD_LIBRARIES = YES;
				DEVELOPMENT_TEAM = E53J4346HQ;
				INFOPLIST_FILE = sieumUITests/Info.plist;
				LD_RUNPATH_SEARCH_PATHS = "$(inherited) @executable_path/Frameworks @loader_path/Frameworks";
				PRODUCT_BUNDLE_IDENTIFIER = com.jieum.sieumUITests;
				PRODUCT_NAME = "$(TARGET_NAME)";
				SWIFT_VERSION = 3.0;
				TEST_TARGET_NAME = sieum;
			};
			name = Release;
		};
/* End XCBuildConfiguration section */

/* Begin XCConfigurationList section */
		C1A7696D1E48998100B5E216 /* Build configuration list for PBXProject "sieum" */ = {
			isa = XCConfigurationList;
			buildConfigurations = (
				C1A769981E48998100B5E216 /* Debug */,
				C1A769991E48998100B5E216 /* Release */,
			);
			defaultConfigurationIsVisible = 0;
			defaultConfigurationName = Release;
		};
		C1A7699A1E48998100B5E216 /* Build configuration list for PBXNativeTarget "sieum" */ = {
			isa = XCConfigurationList;
			buildConfigurations = (
				C1A7699B1E48998100B5E216 /* Debug */,
				C1A7699C1E48998100B5E216 /* Release */,
			);
			defaultConfigurationIsVisible = 0;
			defaultConfigurationName = Release;
		};
		C1A7699D1E48998100B5E216 /* Build configuration list for PBXNativeTarget "sieumTests" */ = {
			isa = XCConfigurationList;
			buildConfigurations = (
				C1A7699E1E48998100B5E216 /* Debug */,
				C1A7699F1E48998100B5E216 /* Release */,
			);
			defaultConfigurationIsVisible = 0;
			defaultConfigurationName = Release;
		};
		C1A769A01E48998100B5E216 /* Build configuration list for PBXNativeTarget "sieumUITests" */ = {
			isa = XCConfigurationList;
			buildConfigurations = (
				C1A769A11E48998100B5E216 /* Debug */,
				C1A769A21E48998100B5E216 /* Release */,
			);
			defaultConfigurationIsVisible = 0;
			defaultConfigurationName = Release;
		};
/* End XCConfigurationList section */
	};
	rootObject = C1A7696A1E48998100B5E216 /* Project object */;
}
